PODS:
  - Atlas (1.0.8):
    - LayerKit (>= 0.13.3)
  - ClusterPrePermissions (0.5.0)
  - Expecta (0.3.2)
  - KIF (3.0.8):
    - KIF/XCTest (= 3.0.8)
  - KIF/XCTest (3.0.8)
  - KIFViewControllerActions (1.0.0):
    - KIF (>= 2.0.0)
  - LayerKit (0.13.3)
  - LYRCountDownLatch (0.9.0)
  - OCMock (3.1.2)
  - SVProgressHUD (HEAD based on 1.1.3)

DEPENDENCIES:
  - Atlas (~> 1.0.6)
  - ClusterPrePermissions (~> 0.1)
  - Expecta (~> 0.3.0)
  - KIF (~> 3.0.8)
  - KIFViewControllerActions (from `https://github.com/blakewatters/KIFViewControllerActions.git`)
  - LYRCountDownLatch (from `https://github.com/layerhq/LYRCountDownLatch.git`)
  - OCMock (~> 3.1)
  - SVProgressHUD (HEAD)

EXTERNAL SOURCES:
  KIFViewControllerActions:
    :git: https://github.com/blakewatters/KIFViewControllerActions.git
  LYRCountDownLatch:
    :git: https://github.com/layerhq/LYRCountDownLatch.git

CHECKOUT OPTIONS:
  KIFViewControllerActions:
    :commit: fbcaaaf2a6236c6ed840ce011a44f7e3e1f7570d
    :git: https://github.com/blakewatters/KIFViewControllerActions.git
  LYRCountDownLatch:
    :commit: 02119f855ad14e7fc0dae32bbbf17c735a281cfe
    :git: https://github.com/layerhq/LYRCountDownLatch.git

SPEC CHECKSUMS:
  Atlas: 8ded03b20e8f2ffc3383983468a304d4ceb50d6b
  ClusterPrePermissions: f7c18aed36022662a05048fffb44b24b9e796cff
  Expecta: 8c507baf13211207b1e9d0a741480600e6b4ed15
  KIF: 3c2cb8e66fb216f9c3abcd714699411f0256f767
  KIFViewControllerActions: 73085acd975ebbfc954f7895ca1aaa9faa36b3c6
  LayerKit: 212b87bdaa7e3592b7188952e2211404a2f59614
  LYRCountDownLatch: 72a444f729ca5a8c6157c0b58f335a44e6702b48
  OCMock: a10ea9f0a6e921651f96f78b6faee95ebc813b92
  SVProgressHUD: 748080e4f36e603f6c02aec292664239df5279c1

COCOAPODS: 0.37.2
