PODS:
  - CocoaLumberjack (1.8.1):
    - CocoaLumberjack/Extensions
  - CocoaLumberjack/Core (1.8.1)
  - CocoaLumberjack/Extensions (1.8.1):
    - CocoaLumberjack/Core
  - CocoaSPDY-Layer (20140624141130730)
  - Expecta (0.3.1)
  - FMDB/common (2.3)
  - FMDB/standalone (2.3):
    - FMDB/common
    - sqlite3/fts
  - FMDBMigrationManager (1.2.2):
    - FMDB/common (~> 2.3)
  - Instabug (2.0)
  - KIF (3.0.7):
    - KIF/XCTest
  - KIF/XCTest (3.0.7)
  - KIFViewControllerActions (1.0.0):
    - KIF (>= 2.0.0)
  - layer-client-messaging-schema (20140715104949748)
  - layer-thrift (0.54.0):
    - thrift (~> 0.9.1)
  - LayerKit/Public (0.7.0):
    - CocoaLumberjack (~> 1.8.1)
    - CocoaSPDY-Layer (~> 20140624141130730)
    - FMDB/standalone (~> 2.3)
    - FMDBMigrationManager (~> 1.2.2)
    - layer-client-messaging-schema (~> 20140715104949748)
    - layer-thrift (~> 0.54.0)
    - RKSupport/RKPathTemplate
    - TransitionKit (~> 2.1.0)
  - LayerKit/Testing (0.7.0):
    - CocoaLumberjack (~> 1.8.1)
    - CocoaSPDY-Layer (~> 20140624141130730)
    - FMDB/standalone (~> 2.3)
    - FMDBMigrationManager (~> 1.2.2)
    - layer-client-messaging-schema (~> 20140715104949748)
    - layer-thrift (~> 0.54.0)
    - LayerKit/Public
    - RKSupport/RKPathTemplate
    - TransitionKit (~> 2.1.0)
  - RKSupport/RKPathTemplate (1.0.0)
  - sqlite3/common (3.8.5)
  - sqlite3/fts (3.8.5):
    - sqlite3/common
  - SVProgressHUD (HEAD based on 1.0)
  - thrift (0.9.1)
  - TransitionKit (2.1.0)

DEPENDENCIES:
  - Expecta (~> 0.3.0)
  - Instabug (~> 2.0)
  - KIF (~> 3.0)
  - KIFViewControllerActions (~> 1.0)
  - layer-thrift (from `git@github.com:layerhq/lyr-thrift-common.git`)
  - LayerKit/Testing (from `git@github.com:layerhq/LayerKit.git`)
  - SVProgressHUD (HEAD)

EXTERNAL SOURCES:
  layer-thrift:
    :git: git@github.com:layerhq/lyr-thrift-common.git
  LayerKit:
    :git: git@github.com:layerhq/LayerKit.git

SPEC CHECKSUMS:
  CocoaLumberjack: 9d198d6e19909b3b113a38c5f06f7bb8eedd0427
  CocoaSPDY-Layer: cb63f60ee60478cd2e063593f2358b6529c590e5
  Expecta: 03aabd0a89d8dea843baecb19a7fd7466a69a31d
  FMDB: 31ec26773c7f7b7890a6038235a1f2bbd933a7cb
  FMDBMigrationManager: 22dc14f7b066728b041b3f4a0f4178489b2aa212
  Instabug: b3b0a7d30ea6ce3242e7cc44813e801143b9009b
  KIF: 685ab7b49c1092732b7cb3106cc957366b01e225
  KIFViewControllerActions: 27325472cb83771ffc314935680515528c96d80e
  layer-client-messaging-schema: ff768ddb2ea1fe102c831be56fb3577cce777969
  layer-thrift: d3a9850a8f7db40c3bb7ca60428b1c32b725a642
  LayerKit: 60d26e7f678ee5cc2056a4c4af82d824ec0a7415
  RKSupport: 8fdbd2d96a5522ea57b17c8afb0e78eeeef74f0a
  sqlite3: 624a11eb032685c50adde3e0a549b1909eceb05e
  SVProgressHUD: 5034c6e22b8c2ca3e09402e48d41ed0340aa1c50
  thrift: b69f9820045ffa76eabe35674cdcc8daa5b1f75c
  TransitionKit: 6a6f3ddda38ae758778aa889dcb930e4f8d64edc

COCOAPODS: 0.33.1
