<?xml version="1.0" encoding="UTF-8"?>
<!DOCTYPE plist PUBLIC "-//Apple//DTD PLIST 1.0//EN" "http://www.apple.com/DTDs/PropertyList-1.0.dtd">
<plist version="1.0">
<dict>
	<key>archiveVersion</key>
	<string>1</string>
	<key>classes</key>
	<dict/>
	<key>objectVersion</key>
	<string>46</string>
	<key>objects</key>
	<dict>
		<key>02E50ED7239353EF58F824E4</key>
		<dict>
			<key>includeInIndex</key>
			<string>1</string>
			<key>isa</key>
			<string>PBXFileReference</string>
			<key>lastKnownFileType</key>
			<string>text.xcconfig</string>
			<key>name</key>
			<string>Pods-LayerSampleTests.debug.xcconfig</string>
			<key>path</key>
			<string>Pods/Target Support Files/Pods-LayerSampleTests/Pods-LayerSampleTests.debug.xcconfig</string>
			<key>sourceTree</key>
			<string>&lt;group&gt;</string>
		</dict>
		<key>0A0C241A19477D8F00401B74</key>
		<dict>
			<key>children</key>
			<array>
				<string>259A57111950EB76000E27B0</string>
				<string>0A0C242519477D8F00401B74</string>
				<string>0A0C242419477D8F00401B74</string>
				<string>259A576B1950EB83000E27B0</string>
				<string>259A57781950EB92000E27B0</string>
				<string>9D1B24C9EB42597C59D9B3B1</string>
			</array>
			<key>isa</key>
			<string>PBXGroup</string>
			<key>sourceTree</key>
			<string>&lt;group&gt;</string>
		</dict>
		<key>0A0C241B19477D8F00401B74</key>
		<dict>
			<key>attributes</key>
			<dict>
				<key>CLASSPREFIX</key>
				<string>LS</string>
				<key>LastUpgradeCheck</key>
				<string>0510</string>
				<key>ORGANIZATIONNAME</key>
				<string>Layer, Inc.</string>
				<key>TargetAttributes</key>
				<dict>
					<key>0A0C242219477D8F00401B74</key>
					<dict>
						<key>DevelopmentTeam</key>
						<string>U46UP347QQ</string>
						<key>SystemCapabilities</key>
						<dict>
							<key>com.apple.BackgroundModes</key>
							<dict>
								<key>enabled</key>
								<string>1</string>
							</dict>
							<key>com.apple.InAppPurchase</key>
							<dict>
								<key>enabled</key>
								<string>0</string>
							</dict>
							<key>com.apple.Maps.iOS</key>
							<dict>
								<key>enabled</key>
								<string>1</string>
							</dict>
						</dict>
					</dict>
					<key>0A0C244319477D8F00401B74</key>
					<dict>
						<key>TestTargetID</key>
						<string>0A0C242219477D8F00401B74</string>
					</dict>
				</dict>
			</dict>
			<key>buildConfigurationList</key>
			<string>0A0C241E19477D8F00401B74</string>
			<key>compatibilityVersion</key>
			<string>Xcode 3.2</string>
			<key>developmentRegion</key>
			<string>English</string>
			<key>hasScannedForEncodings</key>
			<string>0</string>
			<key>isa</key>
			<string>PBXProject</string>
			<key>knownRegions</key>
			<array>
				<string>en</string>
				<string>Base</string>
			</array>
			<key>mainGroup</key>
			<string>0A0C241A19477D8F00401B74</string>
			<key>productRefGroup</key>
			<string>0A0C242419477D8F00401B74</string>
			<key>projectDirPath</key>
			<string></string>
			<key>projectReferences</key>
			<array/>
			<key>projectRoot</key>
			<string></string>
			<key>targets</key>
			<array>
				<string>0A0C242219477D8F00401B74</string>
				<string>0A0C244319477D8F00401B74</string>
			</array>
		</dict>
		<key>0A0C241E19477D8F00401B74</key>
		<dict>
			<key>buildConfigurations</key>
			<array>
				<string>0A0C245319477D8F00401B74</string>
				<string>0A0C245419477D8F00401B74</string>
			</array>
			<key>defaultConfigurationIsVisible</key>
			<string>0</string>
			<key>defaultConfigurationName</key>
			<string>Release</string>
			<key>isa</key>
			<string>XCConfigurationList</string>
		</dict>
		<key>0A0C241F19477D8F00401B74</key>
		<dict>
			<key>buildActionMask</key>
			<string>2147483647</string>
			<key>files</key>
			<array>
				<string>0A6B47CA19B3975A00D485D1</string>
				<string>0A6B47C619B3967A00D485D1</string>
				<string>0A6B47C919B3968200D485D1</string>
				<string>0AB2688019C7B0F50041BD62</string>
				<string>0A23C96119C10D97004789EC</string>
				<string>0A51BD1D19B66A98004105DC</string>
				<string>0A48C92919B7D2D100B536AB</string>
				<string>0AFE3FF419B0E1BD00FCA264</string>
				<string>0AFE3FFE19B0E1BD00FCA264</string>
				<string>0AFE3FFF19B0E1BD00FCA264</string>
				<string>0AFE400019B0E1BD00FCA264</string>
				<string>0A48C92C19B7F49900B536AB</string>
				<string>0AFE400119B0E1BD00FCA264</string>
				<string>0AFE400219B0E1BD00FCA264</string>
				<string>0AFE400419B0E1BD00FCA264</string>
				<string>0A6B47C319B3966D00D485D1</string>
				<string>0AFE400819B0E1BD00FCA264</string>
				<string>0AFE400919B0E1BD00FCA264</string>
				<string>0A36AABB19B91FCD0070D25A</string>
				<string>0A36117219D399F10089D210</string>
				<string>0AFE400A19B0E1BD00FCA264</string>
				<string>0AFE400E19B0E1BD00FCA264</string>
				<string>0AFE401319B0E1BD00FCA264</string>
				<string>0AFE3FE419B0E19C00FCA264</string>
				<string>0A51BD2419B68B9C004105DC</string>
			</array>
			<key>isa</key>
			<string>PBXSourcesBuildPhase</string>
			<key>runOnlyForDeploymentPostprocessing</key>
			<string>0</string>
		</dict>
		<key>0A0C242019477D8F00401B74</key>
		<dict>
			<key>buildActionMask</key>
			<string>2147483647</string>
			<key>files</key>
			<array>
				<string>0AADB5D41947C88B0083732B</string>
				<string>0AADB5D01947C8800083732B</string>
				<string>0AADB5CE1947C87C0083732B</string>
				<string>0AADB5CC1947C8770083732B</string>
				<string>0A43B1D319D34CDD00AE8FA6</string>
				<string>0AADB5CA1947C8710083732B</string>
				<string>0AB0501A196E24F00029BC1B</string>
				<string>0AADB5C81947C86B0083732B</string>
				<string>0A0C242919477D8F00401B74</string>
				<string>0AADB5C61947C8600083732B</string>
				<string>0AADB5C41947C85A0083732B</string>
				<string>0A0C242B19477D8F00401B74</string>
				<string>0A0C242719477D8F00401B74</string>
				<string>B70EF0246E334A0BA15BFF1F</string>
			</array>
			<key>isa</key>
			<string>PBXFrameworksBuildPhase</string>
			<key>runOnlyForDeploymentPostprocessing</key>
			<string>0</string>
		</dict>
		<key>0A0C242119477D8F00401B74</key>
		<dict>
			<key>buildActionMask</key>
			<string>2147483647</string>
			<key>files</key>
			<array>
				<string>0AD6C4C019BD4CFF005142ED</string>
				<string>0A605F3619BF744600D773AF</string>
				<string>0A7023C319BE4C84004FF43E</string>
				<string>0A7023C519BE4C84004FF43E</string>
				<string>0A7023C419BE4C84004FF43E</string>
				<string>0AD6C4BD19BD4CFA005142ED</string>
				<string>0A605F3119BF735D00D773AF</string>
				<string>259A57751950EB83000E27B0</string>
				<string>0A605F3219BF735D00D773AF</string>
				<string>0AD6C4BC19BD4CFA005142ED</string>
				<string>0ABEFFAF196B7686006FFFF3</string>
				<string>0A27A9431997FD210070BD4F</string>
				<string>0AD6C4BA19BD4CFA005142ED</string>
				<string>0A605F3519BF744600D773AF</string>
				<string>0A27A9451997FE110070BD4F</string>
				<string>0AD6C4C219BD4D3C005142ED</string>
				<string>0A7023C219BE4C84004FF43E</string>
				<string>259A57741950EB83000E27B0</string>
			</array>
			<key>isa</key>
			<string>PBXResourcesBuildPhase</string>
			<key>runOnlyForDeploymentPostprocessing</key>
			<string>0</string>
		</dict>
		<key>0A0C242219477D8F00401B74</key>
		<dict>
			<key>buildConfigurationList</key>
			<string>0A0C245519477D8F00401B74</string>
			<key>buildPhases</key>
			<array>
				<string>C1AF600B11EB477F8BE102D4</string>
				<string>0A0C241F19477D8F00401B74</string>
				<string>0A0C242019477D8F00401B74</string>
				<string>0A0C242119477D8F00401B74</string>
				<string>A487A0EE4CB44DA78C108935</string>
				<string>0AB05018196E249E0029BC1B</string>
			</array>
			<key>buildRules</key>
			<array/>
			<key>dependencies</key>
			<array/>
			<key>isa</key>
			<string>PBXNativeTarget</string>
			<key>name</key>
			<string>LayerSample</string>
			<key>productName</key>
			<string>LayerSample</string>
			<key>productReference</key>
			<string>0A0C242319477D8F00401B74</string>
			<key>productType</key>
			<string>com.apple.product-type.application</string>
		</dict>
		<key>0A0C242319477D8F00401B74</key>
		<dict>
			<key>explicitFileType</key>
			<string>wrapper.application</string>
			<key>includeInIndex</key>
			<string>0</string>
			<key>isa</key>
			<string>PBXFileReference</string>
			<key>path</key>
			<string>LayerSample.app</string>
			<key>sourceTree</key>
			<string>BUILT_PRODUCTS_DIR</string>
		</dict>
		<key>0A0C242419477D8F00401B74</key>
		<dict>
			<key>children</key>
			<array>
				<string>0A0C242319477D8F00401B74</string>
				<string>0A0C244419477D8F00401B74</string>
			</array>
			<key>isa</key>
			<string>PBXGroup</string>
			<key>name</key>
			<string>Products</string>
			<key>sourceTree</key>
			<string>&lt;group&gt;</string>
		</dict>
		<key>0A0C242519477D8F00401B74</key>
		<dict>
			<key>children</key>
			<array>
				<string>0A43B1D219D34CDD00AE8FA6</string>
				<string>0AB05019196E24F00029BC1B</string>
				<string>0AADB5D31947C88B0083732B</string>
				<string>0AADB5CF1947C8800083732B</string>
				<string>0AADB5CD1947C87B0083732B</string>
				<string>0AADB5CB1947C8770083732B</string>
				<string>0AADB5C91947C8710083732B</string>
				<string>0AADB5C71947C86B0083732B</string>
				<string>0AADB5C51947C8600083732B</string>
				<string>0AADB5C31947C85A0083732B</string>
				<string>0A0C242619477D8F00401B74</string>
				<string>0A0C242819477D8F00401B74</string>
				<string>0A0C242A19477D8F00401B74</string>
				<string>0A0C244519477D8F00401B74</string>
				<string>931E36A3415C497CA3681E7F</string>
				<string>FBBE2D1F4815451CAAD12DF4</string>
				<string>A4A9FA9226DE4FAB8C075E1F</string>
			</array>
			<key>isa</key>
			<string>PBXGroup</string>
			<key>name</key>
			<string>Frameworks</string>
			<key>sourceTree</key>
			<string>&lt;group&gt;</string>
		</dict>
		<key>0A0C242619477D8F00401B74</key>
		<dict>
			<key>isa</key>
			<string>PBXFileReference</string>
			<key>lastKnownFileType</key>
			<string>wrapper.framework</string>
			<key>name</key>
			<string>Foundation.framework</string>
			<key>path</key>
			<string>System/Library/Frameworks/Foundation.framework</string>
			<key>sourceTree</key>
			<string>SDKROOT</string>
		</dict>
		<key>0A0C242719477D8F00401B74</key>
		<dict>
			<key>fileRef</key>
			<string>0A0C242619477D8F00401B74</string>
			<key>isa</key>
			<string>PBXBuildFile</string>
		</dict>
		<key>0A0C242819477D8F00401B74</key>
		<dict>
			<key>isa</key>
			<string>PBXFileReference</string>
			<key>lastKnownFileType</key>
			<string>wrapper.framework</string>
			<key>name</key>
			<string>CoreGraphics.framework</string>
			<key>path</key>
			<string>System/Library/Frameworks/CoreGraphics.framework</string>
			<key>sourceTree</key>
			<string>SDKROOT</string>
		</dict>
		<key>0A0C242919477D8F00401B74</key>
		<dict>
			<key>fileRef</key>
			<string>0A0C242819477D8F00401B74</string>
			<key>isa</key>
			<string>PBXBuildFile</string>
		</dict>
		<key>0A0C242A19477D8F00401B74</key>
		<dict>
			<key>isa</key>
			<string>PBXFileReference</string>
			<key>lastKnownFileType</key>
			<string>wrapper.framework</string>
			<key>name</key>
			<string>UIKit.framework</string>
			<key>path</key>
			<string>System/Library/Frameworks/UIKit.framework</string>
			<key>sourceTree</key>
			<string>SDKROOT</string>
		</dict>
		<key>0A0C242B19477D8F00401B74</key>
		<dict>
			<key>fileRef</key>
			<string>0A0C242A19477D8F00401B74</string>
			<key>isa</key>
			<string>PBXBuildFile</string>
		</dict>
		<key>0A0C244019477D8F00401B74</key>
		<dict>
			<key>buildActionMask</key>
			<string>2147483647</string>
			<key>files</key>
			<array>
				<string>0A5150F419B7872300C6E045</string>
				<string>0A5150F319B7871A00C6E045</string>
				<string>0A51BD1F19B686BD004105DC</string>
				<string>252531601960CE2700C87647</string>
				<string>0ADD757619C8A15800E133B5</string>
				<string>0A51BD2119B686F6004105DC</string>
				<string>0A41DFC71961D37800E1F7FA</string>
				<string>259A57801950EB92000E27B0</string>
				<string>0AF3D8E0197462A900FED313</string>
				<string>259A577E1950EB92000E27B0</string>
				<string>0A51BD1A19B66570004105DC</string>
			</array>
			<key>isa</key>
			<string>PBXSourcesBuildPhase</string>
			<key>runOnlyForDeploymentPostprocessing</key>
			<string>0</string>
		</dict>
		<key>0A0C244119477D8F00401B74</key>
		<dict>
			<key>buildActionMask</key>
			<string>2147483647</string>
			<key>files</key>
			<array>
				<string>0A0C244619477D8F00401B74</string>
				<string>0A0C244819477D8F00401B74</string>
				<string>0A0C244719477D8F00401B74</string>
				<string>9842E4DC1E04484898FEF487</string>
			</array>
			<key>isa</key>
			<string>PBXFrameworksBuildPhase</string>
			<key>runOnlyForDeploymentPostprocessing</key>
			<string>0</string>
		</dict>
		<key>0A0C244219477D8F00401B74</key>
		<dict>
			<key>buildActionMask</key>
			<string>2147483647</string>
			<key>files</key>
			<array/>
			<key>isa</key>
			<string>PBXResourcesBuildPhase</string>
			<key>runOnlyForDeploymentPostprocessing</key>
			<string>0</string>
		</dict>
		<key>0A0C244319477D8F00401B74</key>
		<dict>
			<key>buildConfigurationList</key>
			<string>0A0C245819477D8F00401B74</string>
			<key>buildPhases</key>
			<array>
				<string>6D1B6C4F72A14767A34B248A</string>
				<string>0A0C244019477D8F00401B74</string>
				<string>0A0C244119477D8F00401B74</string>
				<string>0A0C244219477D8F00401B74</string>
				<string>72EE957AF4434922BA19B10E</string>
			</array>
			<key>buildRules</key>
			<array/>
			<key>dependencies</key>
			<array>
				<string>0A0C244A19477D8F00401B74</string>
			</array>
			<key>isa</key>
			<string>PBXNativeTarget</string>
			<key>name</key>
			<string>LayerSampleTests</string>
			<key>productName</key>
			<string>LayerSampleTests</string>
			<key>productReference</key>
			<string>0A0C244419477D8F00401B74</string>
			<key>productType</key>
			<string>com.apple.product-type.bundle.unit-test</string>
		</dict>
		<key>0A0C244419477D8F00401B74</key>
		<dict>
			<key>explicitFileType</key>
			<string>wrapper.cfbundle</string>
			<key>includeInIndex</key>
			<string>0</string>
			<key>isa</key>
			<string>PBXFileReference</string>
			<key>path</key>
			<string>LayerSampleTests.xctest</string>
			<key>sourceTree</key>
			<string>BUILT_PRODUCTS_DIR</string>
		</dict>
		<key>0A0C244519477D8F00401B74</key>
		<dict>
			<key>isa</key>
			<string>PBXFileReference</string>
			<key>lastKnownFileType</key>
			<string>wrapper.framework</string>
			<key>name</key>
			<string>XCTest.framework</string>
			<key>path</key>
			<string>Library/Frameworks/XCTest.framework</string>
			<key>sourceTree</key>
			<string>DEVELOPER_DIR</string>
		</dict>
		<key>0A0C244619477D8F00401B74</key>
		<dict>
			<key>fileRef</key>
			<string>0A0C244519477D8F00401B74</string>
			<key>isa</key>
			<string>PBXBuildFile</string>
		</dict>
		<key>0A0C244719477D8F00401B74</key>
		<dict>
			<key>fileRef</key>
			<string>0A0C242619477D8F00401B74</string>
			<key>isa</key>
			<string>PBXBuildFile</string>
		</dict>
		<key>0A0C244819477D8F00401B74</key>
		<dict>
			<key>fileRef</key>
			<string>0A0C242A19477D8F00401B74</string>
			<key>isa</key>
			<string>PBXBuildFile</string>
		</dict>
		<key>0A0C244919477D8F00401B74</key>
		<dict>
			<key>containerPortal</key>
			<string>0A0C241B19477D8F00401B74</string>
			<key>isa</key>
			<string>PBXContainerItemProxy</string>
			<key>proxyType</key>
			<string>1</string>
			<key>remoteGlobalIDString</key>
			<string>0A0C242219477D8F00401B74</string>
			<key>remoteInfo</key>
			<string>LayerSample</string>
		</dict>
		<key>0A0C244A19477D8F00401B74</key>
		<dict>
			<key>isa</key>
			<string>PBXTargetDependency</string>
			<key>target</key>
			<string>0A0C242219477D8F00401B74</string>
			<key>targetProxy</key>
			<string>0A0C244919477D8F00401B74</string>
		</dict>
		<key>0A0C245319477D8F00401B74</key>
		<dict>
			<key>buildSettings</key>
			<dict>
				<key>ALWAYS_SEARCH_USER_PATHS</key>
				<string>NO</string>
				<key>CLANG_CXX_LANGUAGE_STANDARD</key>
				<string>gnu++0x</string>
				<key>CLANG_CXX_LIBRARY</key>
				<string>libc++</string>
				<key>CLANG_ENABLE_MODULES</key>
				<string>YES</string>
				<key>CLANG_ENABLE_OBJC_ARC</key>
				<string>YES</string>
				<key>CLANG_WARN_BOOL_CONVERSION</key>
				<string>YES</string>
				<key>CLANG_WARN_CONSTANT_CONVERSION</key>
				<string>YES</string>
				<key>CLANG_WARN_DIRECT_OBJC_ISA_USAGE</key>
				<string>YES_ERROR</string>
				<key>CLANG_WARN_EMPTY_BODY</key>
				<string>YES</string>
				<key>CLANG_WARN_ENUM_CONVERSION</key>
				<string>YES</string>
				<key>CLANG_WARN_INT_CONVERSION</key>
				<string>YES</string>
				<key>CLANG_WARN_OBJC_ROOT_CLASS</key>
				<string>YES_ERROR</string>
				<key>CLANG_WARN__DUPLICATE_METHOD_MATCH</key>
				<string>YES</string>
				<key>CODE_SIGN_IDENTITY[sdk=iphoneos*]</key>
				<string>iPhone Developer</string>
				<key>COPY_PHASE_STRIP</key>
				<string>NO</string>
				<key>GCC_C_LANGUAGE_STANDARD</key>
				<string>gnu99</string>
				<key>GCC_DYNAMIC_NO_PIC</key>
				<string>NO</string>
				<key>GCC_OPTIMIZATION_LEVEL</key>
				<string>0</string>
				<key>GCC_PREPROCESSOR_DEFINITIONS</key>
				<array>
					<string>DEBUG=1</string>
					<string>$(inherited)</string>
				</array>
				<key>GCC_SYMBOLS_PRIVATE_EXTERN</key>
				<string>NO</string>
				<key>GCC_WARN_64_TO_32_BIT_CONVERSION</key>
				<string>YES</string>
				<key>GCC_WARN_ABOUT_RETURN_TYPE</key>
				<string>YES_ERROR</string>
				<key>GCC_WARN_UNDECLARED_SELECTOR</key>
				<string>YES</string>
				<key>GCC_WARN_UNINITIALIZED_AUTOS</key>
				<string>YES_AGGRESSIVE</string>
				<key>GCC_WARN_UNUSED_FUNCTION</key>
				<string>YES</string>
				<key>GCC_WARN_UNUSED_VARIABLE</key>
				<string>YES</string>
				<key>IPHONEOS_DEPLOYMENT_TARGET</key>
				<string>7.1</string>
				<key>ONLY_ACTIVE_ARCH</key>
				<string>YES</string>
				<key>SDKROOT</key>
				<string>iphoneos</string>
			</dict>
			<key>isa</key>
			<string>XCBuildConfiguration</string>
			<key>name</key>
			<string>Debug</string>
		</dict>
		<key>0A0C245419477D8F00401B74</key>
		<dict>
			<key>buildSettings</key>
			<dict>
				<key>ALWAYS_SEARCH_USER_PATHS</key>
				<string>NO</string>
				<key>CLANG_CXX_LANGUAGE_STANDARD</key>
				<string>gnu++0x</string>
				<key>CLANG_CXX_LIBRARY</key>
				<string>libc++</string>
				<key>CLANG_ENABLE_MODULES</key>
				<string>YES</string>
				<key>CLANG_ENABLE_OBJC_ARC</key>
				<string>YES</string>
				<key>CLANG_WARN_BOOL_CONVERSION</key>
				<string>YES</string>
				<key>CLANG_WARN_CONSTANT_CONVERSION</key>
				<string>YES</string>
				<key>CLANG_WARN_DIRECT_OBJC_ISA_USAGE</key>
				<string>YES_ERROR</string>
				<key>CLANG_WARN_EMPTY_BODY</key>
				<string>YES</string>
				<key>CLANG_WARN_ENUM_CONVERSION</key>
				<string>YES</string>
				<key>CLANG_WARN_INT_CONVERSION</key>
				<string>YES</string>
				<key>CLANG_WARN_OBJC_ROOT_CLASS</key>
				<string>YES_ERROR</string>
				<key>CLANG_WARN__DUPLICATE_METHOD_MATCH</key>
				<string>YES</string>
				<key>CODE_SIGN_IDENTITY[sdk=iphoneos*]</key>
				<string>iPhone Developer</string>
				<key>COPY_PHASE_STRIP</key>
				<string>YES</string>
				<key>ENABLE_NS_ASSERTIONS</key>
				<string>NO</string>
				<key>GCC_C_LANGUAGE_STANDARD</key>
				<string>gnu99</string>
				<key>GCC_WARN_64_TO_32_BIT_CONVERSION</key>
				<string>YES</string>
				<key>GCC_WARN_ABOUT_RETURN_TYPE</key>
				<string>YES_ERROR</string>
				<key>GCC_WARN_UNDECLARED_SELECTOR</key>
				<string>YES</string>
				<key>GCC_WARN_UNINITIALIZED_AUTOS</key>
				<string>YES_AGGRESSIVE</string>
				<key>GCC_WARN_UNUSED_FUNCTION</key>
				<string>YES</string>
				<key>GCC_WARN_UNUSED_VARIABLE</key>
				<string>YES</string>
				<key>IPHONEOS_DEPLOYMENT_TARGET</key>
				<string>7.1</string>
				<key>SDKROOT</key>
				<string>iphoneos</string>
				<key>VALIDATE_PRODUCT</key>
				<string>YES</string>
			</dict>
			<key>isa</key>
			<string>XCBuildConfiguration</string>
			<key>name</key>
			<string>Release</string>
		</dict>
		<key>0A0C245519477D8F00401B74</key>
		<dict>
			<key>buildConfigurations</key>
			<array>
				<string>0A0C245619477D8F00401B74</string>
				<string>0A0C245719477D8F00401B74</string>
			</array>
			<key>defaultConfigurationIsVisible</key>
			<string>0</string>
			<key>defaultConfigurationName</key>
			<string>Release</string>
			<key>isa</key>
			<string>XCConfigurationList</string>
		</dict>
		<key>0A0C245619477D8F00401B74</key>
		<dict>
			<key>baseConfigurationReference</key>
			<string>F1D036B4D4B06C3CE90BF6CB</string>
			<key>buildSettings</key>
			<dict>
				<key>ASSETCATALOG_COMPILER_APPICON_NAME</key>
				<string>AppIcon</string>
				<key>ASSETCATALOG_COMPILER_LAUNCHIMAGE_NAME</key>
				<string>LaunchImage</string>
				<key>CODE_SIGN_IDENTITY</key>
				<string>iPhone Developer</string>
				<key>CODE_SIGN_IDENTITY[sdk=iphoneos*]</key>
				<string>iPhone Developer</string>
				<key>FRAMEWORK_SEARCH_PATHS</key>
				<array>
					<string>$(inherited)</string>
					<string>$(PROJECT_DIR)</string>
				</array>
				<key>GCC_PRECOMPILE_PREFIX_HEADER</key>
				<string>YES</string>
				<key>GCC_PREFIX_HEADER</key>
				<string>Code/LayerSample-Prefix.pch</string>
				<key>HEADER_SEARCH_PATHS</key>
				<array>
					<string>"${PODS_ROOT}/Headers"</string>
					<string>"${PODS_ROOT}/Headers/SVProgressHUD"</string>
					<string>$(inherited)</string>
				</array>
				<key>INFOPLIST_FILE</key>
				<string>$(SRCROOT)/Resources/LayerSample-Info.plist</string>
				<key>LIBRARY_SEARCH_PATHS</key>
				<array>
					<string>$(inherited)</string>
					<string>$(SRCROOT)/**</string>
				</array>
				<key>PRODUCT_NAME</key>
				<string>$(TARGET_NAME)</string>
				<key>PROVISIONING_PROFILE</key>
				<string>469F2BCF-7585-45C9-BB82-067E189B999E</string>
				<key>WRAPPER_EXTENSION</key>
				<string>app</string>
			</dict>
			<key>isa</key>
			<string>XCBuildConfiguration</string>
			<key>name</key>
			<string>Debug</string>
		</dict>
		<key>0A0C245719477D8F00401B74</key>
		<dict>
			<key>baseConfigurationReference</key>
			<string>21E47E1C0B3D3E661BB8AC73</string>
			<key>buildSettings</key>
			<dict>
				<key>ASSETCATALOG_COMPILER_APPICON_NAME</key>
				<string>AppIcon</string>
				<key>ASSETCATALOG_COMPILER_LAUNCHIMAGE_NAME</key>
				<string>LaunchImage</string>
				<key>CODE_SIGN_IDENTITY</key>
				<string>iPhone Distribution: Phone.ly, Inc.</string>
				<key>CODE_SIGN_IDENTITY[sdk=iphoneos*]</key>
				<string>iPhone Distribution: Phone.ly, Inc.</string>
				<key>FRAMEWORK_SEARCH_PATHS</key>
				<array>
					<string>$(inherited)</string>
					<string>$(PROJECT_DIR)</string>
				</array>
				<key>GCC_PRECOMPILE_PREFIX_HEADER</key>
				<string>YES</string>
				<key>GCC_PREFIX_HEADER</key>
				<string>Code/LayerSample-Prefix.pch</string>
				<key>HEADER_SEARCH_PATHS</key>
				<array>
					<string>"${PODS_ROOT}/Headers"</string>
					<string>"${PODS_ROOT}/Headers/SVProgressHUD"</string>
					<string>$(inherited)</string>
				</array>
				<key>INFOPLIST_FILE</key>
				<string>$(SRCROOT)/Resources/LayerSample-Info.plist</string>
				<key>LIBRARY_SEARCH_PATHS</key>
				<array>
					<string>$(inherited)</string>
					<string>$(SRCROOT)/**</string>
				</array>
				<key>PRODUCT_NAME</key>
				<string>$(TARGET_NAME)</string>
				<key>PROVISIONING_PROFILE</key>
				<string>4E3EE0A6-E531-4C93-B1FF-85FE682FC936</string>
				<key>WRAPPER_EXTENSION</key>
				<string>app</string>
			</dict>
			<key>isa</key>
			<string>XCBuildConfiguration</string>
			<key>name</key>
			<string>Release</string>
		</dict>
		<key>0A0C245819477D8F00401B74</key>
		<dict>
			<key>buildConfigurations</key>
			<array>
				<string>0A0C245919477D8F00401B74</string>
				<string>0A0C245A19477D8F00401B74</string>
			</array>
			<key>defaultConfigurationIsVisible</key>
			<string>0</string>
			<key>defaultConfigurationName</key>
			<string>Release</string>
			<key>isa</key>
			<string>XCConfigurationList</string>
		</dict>
		<key>0A0C245919477D8F00401B74</key>
		<dict>
			<key>baseConfigurationReference</key>
			<string>02E50ED7239353EF58F824E4</string>
			<key>buildSettings</key>
			<dict>
				<key>BUNDLE_LOADER</key>
				<string>$(BUILT_PRODUCTS_DIR)/LayerSample.app/LayerSample</string>
				<key>CODE_SIGN_IDENTITY</key>
				<string></string>
				<key>FRAMEWORK_SEARCH_PATHS</key>
				<array>
					<string>$(SDKROOT)/Developer/Library/Frameworks</string>
					<string>$(inherited)</string>
					<string>$(DEVELOPER_FRAMEWORKS_DIR)</string>
				</array>
				<key>GCC_PRECOMPILE_PREFIX_HEADER</key>
				<string>YES</string>
				<key>GCC_PREFIX_HEADER</key>
				<string>Code/LayerSample-Prefix.pch</string>
				<key>GCC_PREPROCESSOR_DEFINITIONS</key>
				<array>
					<string>DEBUG=1</string>
					<string>$(inherited)</string>
				</array>
				<key>INFOPLIST_FILE</key>
				<string>Tests/LayerSampleTests-Info.plist</string>
				<key>PRODUCT_NAME</key>
				<string>$(TARGET_NAME)</string>
				<key>PROVISIONING_PROFILE</key>
				<string>4E3EE0A6-E531-4C93-B1FF-85FE682FC936</string>
				<key>TEST_HOST</key>
				<string>$(BUNDLE_LOADER)</string>
				<key>WRAPPER_EXTENSION</key>
				<string>xctest</string>
			</dict>
			<key>isa</key>
			<string>XCBuildConfiguration</string>
			<key>name</key>
			<string>Debug</string>
		</dict>
		<key>0A0C245A19477D8F00401B74</key>
		<dict>
			<key>baseConfigurationReference</key>
			<string>6EB2018FA1996F2ECF7138C8</string>
			<key>buildSettings</key>
			<dict>
				<key>BUNDLE_LOADER</key>
				<string>$(BUILT_PRODUCTS_DIR)/LayerSample.app/LayerSample</string>
				<key>CODE_SIGN_IDENTITY</key>
				<string></string>
				<key>FRAMEWORK_SEARCH_PATHS</key>
				<array>
					<string>$(SDKROOT)/Developer/Library/Frameworks</string>
					<string>$(inherited)</string>
					<string>$(DEVELOPER_FRAMEWORKS_DIR)</string>
				</array>
				<key>GCC_PRECOMPILE_PREFIX_HEADER</key>
				<string>YES</string>
				<key>GCC_PREFIX_HEADER</key>
				<string>Code/LayerSample-Prefix.pch</string>
				<key>INFOPLIST_FILE</key>
				<string>Tests/LayerSampleTests-Info.plist</string>
				<key>PRODUCT_NAME</key>
				<string>$(TARGET_NAME)</string>
				<key>PROVISIONING_PROFILE</key>
				<string>4E3EE0A6-E531-4C93-B1FF-85FE682FC936</string>
				<key>TEST_HOST</key>
				<string>$(BUNDLE_LOADER)</string>
				<key>WRAPPER_EXTENSION</key>
				<string>xctest</string>
			</dict>
			<key>isa</key>
			<string>XCBuildConfiguration</string>
			<key>name</key>
			<string>Release</string>
		</dict>
		<key>0A0DA1C719D1F22E0044B56A</key>
		<dict>
			<key>children</key>
			<array/>
			<key>isa</key>
			<string>PBXGroup</string>
			<key>name</key>
			<string>Sample App Test</string>
			<key>sourceTree</key>
			<string>&lt;group&gt;</string>
		</dict>
		<key>0A23C95F19C10D97004789EC</key>
		<dict>
			<key>fileEncoding</key>
			<string>4</string>
			<key>isa</key>
			<string>PBXFileReference</string>
			<key>lastKnownFileType</key>
			<string>sourcecode.c.h</string>
			<key>path</key>
			<string>LSUIConversationViewController.h</string>
			<key>sourceTree</key>
			<string>&lt;group&gt;</string>
		</dict>
		<key>0A23C96019C10D97004789EC</key>
		<dict>
			<key>fileEncoding</key>
			<string>4</string>
			<key>isa</key>
			<string>PBXFileReference</string>
			<key>lastKnownFileType</key>
			<string>sourcecode.c.objc</string>
			<key>path</key>
			<string>LSUIConversationViewController.m</string>
			<key>sourceTree</key>
			<string>&lt;group&gt;</string>
		</dict>
		<key>0A23C96119C10D97004789EC</key>
		<dict>
			<key>fileRef</key>
			<string>0A23C96019C10D97004789EC</string>
			<key>isa</key>
			<string>PBXBuildFile</string>
		</dict>
		<key>0A27A9421997FD210070BD4F</key>
		<dict>
			<key>isa</key>
			<string>PBXFileReference</string>
			<key>lastKnownFileType</key>
			<string>image.png</string>
			<key>path</key>
			<string>logout@2x.png</string>
			<key>sourceTree</key>
			<string>&lt;group&gt;</string>
		</dict>
		<key>0A27A9431997FD210070BD4F</key>
		<dict>
			<key>fileRef</key>
			<string>0A27A9421997FD210070BD4F</string>
			<key>isa</key>
			<string>PBXBuildFile</string>
		</dict>
		<key>0A27A9441997FE110070BD4F</key>
		<dict>
			<key>isa</key>
			<string>PBXFileReference</string>
			<key>lastKnownFileType</key>
			<string>image.png</string>
			<key>path</key>
			<string>back@2x.png</string>
			<key>sourceTree</key>
			<string>&lt;group&gt;</string>
		</dict>
		<key>0A27A9451997FE110070BD4F</key>
		<dict>
			<key>fileRef</key>
			<string>0A27A9441997FE110070BD4F</string>
			<key>isa</key>
			<string>PBXBuildFile</string>
		</dict>
		<key>0A36117019D399F10089D210</key>
		<dict>
			<key>fileEncoding</key>
			<string>4</string>
			<key>isa</key>
			<string>PBXFileReference</string>
			<key>lastKnownFileType</key>
			<string>sourcecode.c.h</string>
			<key>path</key>
			<string>LSSplashView.h</string>
			<key>sourceTree</key>
			<string>&lt;group&gt;</string>
		</dict>
		<key>0A36117119D399F10089D210</key>
		<dict>
			<key>fileEncoding</key>
			<string>4</string>
			<key>isa</key>
			<string>PBXFileReference</string>
			<key>lastKnownFileType</key>
			<string>sourcecode.c.objc</string>
			<key>path</key>
			<string>LSSplashView.m</string>
			<key>sourceTree</key>
			<string>&lt;group&gt;</string>
		</dict>
		<key>0A36117219D399F10089D210</key>
		<dict>
			<key>fileRef</key>
			<string>0A36117119D399F10089D210</string>
			<key>isa</key>
			<string>PBXBuildFile</string>
		</dict>
		<key>0A36AAB919B91FCD0070D25A</key>
		<dict>
			<key>fileEncoding</key>
			<string>4</string>
			<key>isa</key>
			<string>PBXFileReference</string>
			<key>lastKnownFileType</key>
			<string>sourcecode.c.h</string>
			<key>path</key>
			<string>LYRUITestConversationCell.h</string>
			<key>sourceTree</key>
			<string>&lt;group&gt;</string>
		</dict>
		<key>0A36AABA19B91FCD0070D25A</key>
		<dict>
			<key>fileEncoding</key>
			<string>4</string>
			<key>isa</key>
			<string>PBXFileReference</string>
			<key>lastKnownFileType</key>
			<string>sourcecode.c.objc</string>
			<key>path</key>
			<string>LYRUITestConversationCell.m</string>
			<key>sourceTree</key>
			<string>&lt;group&gt;</string>
		</dict>
		<key>0A36AABB19B91FCD0070D25A</key>
		<dict>
			<key>fileRef</key>
			<string>0A36AABA19B91FCD0070D25A</string>
			<key>isa</key>
			<string>PBXBuildFile</string>
		</dict>
		<key>0A41DFC61961D37800E1F7FA</key>
		<dict>
			<key>fileEncoding</key>
			<string>4</string>
			<key>isa</key>
			<string>PBXFileReference</string>
			<key>lastKnownFileType</key>
			<string>sourcecode.c.objc</string>
			<key>path</key>
			<string>LSAPIManagerTest.m</string>
			<key>sourceTree</key>
			<string>&lt;group&gt;</string>
		</dict>
		<key>0A41DFC71961D37800E1F7FA</key>
		<dict>
			<key>fileRef</key>
			<string>0A41DFC61961D37800E1F7FA</string>
			<key>isa</key>
			<string>PBXBuildFile</string>
		</dict>
		<key>0A43B1D219D34CDD00AE8FA6</key>
		<dict>
			<key>isa</key>
			<string>PBXFileReference</string>
			<key>lastKnownFileType</key>
			<string>wrapper.framework</string>
			<key>name</key>
			<string>MapKit.framework</string>
			<key>path</key>
			<string>System/Library/Frameworks/MapKit.framework</string>
			<key>sourceTree</key>
			<string>SDKROOT</string>
		</dict>
		<key>0A43B1D319D34CDD00AE8FA6</key>
		<dict>
			<key>fileRef</key>
			<string>0A43B1D219D34CDD00AE8FA6</string>
			<key>isa</key>
			<string>PBXBuildFile</string>
		</dict>
		<key>0A48C92719B7D2D100B536AB</key>
		<dict>
			<key>fileEncoding</key>
			<string>4</string>
			<key>isa</key>
			<string>PBXFileReference</string>
			<key>lastKnownFileType</key>
			<string>sourcecode.c.h</string>
			<key>path</key>
			<string>LYRUILayerContentFactory.h</string>
			<key>sourceTree</key>
			<string>&lt;group&gt;</string>
		</dict>
		<key>0A48C92819B7D2D100B536AB</key>
		<dict>
			<key>fileEncoding</key>
			<string>4</string>
			<key>isa</key>
			<string>PBXFileReference</string>
			<key>lastKnownFileType</key>
			<string>sourcecode.c.objc</string>
			<key>path</key>
			<string>LYRUILayerContentFactory.m</string>
			<key>sourceTree</key>
			<string>&lt;group&gt;</string>
		</dict>
		<key>0A48C92919B7D2D100B536AB</key>
		<dict>
			<key>fileRef</key>
			<string>0A48C92819B7D2D100B536AB</string>
			<key>isa</key>
			<string>PBXBuildFile</string>
		</dict>
		<key>0A48C92A19B7F49900B536AB</key>
		<dict>
			<key>fileEncoding</key>
			<string>4</string>
			<key>isa</key>
			<string>PBXFileReference</string>
			<key>lastKnownFileType</key>
			<string>sourcecode.c.h</string>
			<key>path</key>
			<string>LYRUITestParticipantCell.h</string>
			<key>sourceTree</key>
			<string>&lt;group&gt;</string>
		</dict>
		<key>0A48C92B19B7F49900B536AB</key>
		<dict>
			<key>fileEncoding</key>
			<string>4</string>
			<key>isa</key>
			<string>PBXFileReference</string>
			<key>lastKnownFileType</key>
			<string>sourcecode.c.objc</string>
			<key>path</key>
			<string>LYRUITestParticipantCell.m</string>
			<key>sourceTree</key>
			<string>&lt;group&gt;</string>
		</dict>
		<key>0A48C92C19B7F49900B536AB</key>
		<dict>
			<key>fileRef</key>
			<string>0A48C92B19B7F49900B536AB</string>
			<key>isa</key>
			<string>PBXBuildFile</string>
		</dict>
		<key>0A5150F319B7871A00C6E045</key>
		<dict>
			<key>fileRef</key>
			<string>0A916B8719B77CDC00479CBD</string>
			<key>isa</key>
			<string>PBXBuildFile</string>
		</dict>
		<key>0A5150F419B7872300C6E045</key>
		<dict>
			<key>fileRef</key>
			<string>0A51BD1C19B66A98004105DC</string>
			<key>isa</key>
			<string>PBXBuildFile</string>
		</dict>
		<key>0A51BD1919B66570004105DC</key>
		<dict>
			<key>fileEncoding</key>
			<string>4</string>
			<key>isa</key>
			<string>PBXFileReference</string>
			<key>lastKnownFileType</key>
			<string>sourcecode.c.objc</string>
			<key>path</key>
			<string>LYRUIParticipantPickerTest.m</string>
			<key>sourceTree</key>
			<string>&lt;group&gt;</string>
		</dict>
		<key>0A51BD1A19B66570004105DC</key>
		<dict>
			<key>fileRef</key>
			<string>0A51BD1919B66570004105DC</string>
			<key>isa</key>
			<string>PBXBuildFile</string>
		</dict>
		<key>0A51BD1B19B66A98004105DC</key>
		<dict>
			<key>fileEncoding</key>
			<string>4</string>
			<key>isa</key>
			<string>PBXFileReference</string>
			<key>lastKnownFileType</key>
			<string>sourcecode.c.h</string>
			<key>path</key>
			<string>LYRUITestUser.h</string>
			<key>sourceTree</key>
			<string>&lt;group&gt;</string>
		</dict>
		<key>0A51BD1C19B66A98004105DC</key>
		<dict>
			<key>fileEncoding</key>
			<string>4</string>
			<key>isa</key>
			<string>PBXFileReference</string>
			<key>lastKnownFileType</key>
			<string>sourcecode.c.objc</string>
			<key>path</key>
			<string>LYRUITestUser.m</string>
			<key>sourceTree</key>
			<string>&lt;group&gt;</string>
		</dict>
		<key>0A51BD1D19B66A98004105DC</key>
		<dict>
			<key>fileRef</key>
			<string>0A51BD1C19B66A98004105DC</string>
			<key>isa</key>
			<string>PBXBuildFile</string>
		</dict>
		<key>0A51BD1E19B686BD004105DC</key>
		<dict>
			<key>fileEncoding</key>
			<string>4</string>
			<key>isa</key>
			<string>PBXFileReference</string>
			<key>lastKnownFileType</key>
			<string>sourcecode.c.objc</string>
			<key>path</key>
			<string>LYUIAuthenticationTest.m</string>
			<key>sourceTree</key>
			<string>&lt;group&gt;</string>
		</dict>
		<key>0A51BD1F19B686BD004105DC</key>
		<dict>
			<key>fileRef</key>
			<string>0A51BD1E19B686BD004105DC</string>
			<key>isa</key>
			<string>PBXBuildFile</string>
		</dict>
		<key>0A51BD2019B686F6004105DC</key>
		<dict>
			<key>fileEncoding</key>
			<string>4</string>
			<key>isa</key>
			<string>PBXFileReference</string>
			<key>lastKnownFileType</key>
			<string>sourcecode.c.objc</string>
			<key>path</key>
			<string>LYRUIConversationListTest.m</string>
			<key>sourceTree</key>
			<string>&lt;group&gt;</string>
		</dict>
		<key>0A51BD2119B686F6004105DC</key>
		<dict>
			<key>fileRef</key>
			<string>0A51BD2019B686F6004105DC</string>
			<key>isa</key>
			<string>PBXBuildFile</string>
		</dict>
		<key>0A51BD2219B68B9C004105DC</key>
		<dict>
			<key>fileEncoding</key>
			<string>4</string>
			<key>isa</key>
			<string>PBXFileReference</string>
			<key>lastKnownFileType</key>
			<string>sourcecode.c.h</string>
			<key>path</key>
			<string>LSUIParticipantPickerDataSource.h</string>
			<key>sourceTree</key>
			<string>&lt;group&gt;</string>
		</dict>
		<key>0A51BD2319B68B9C004105DC</key>
		<dict>
			<key>fileEncoding</key>
			<string>4</string>
			<key>isa</key>
			<string>PBXFileReference</string>
			<key>lastKnownFileType</key>
			<string>sourcecode.c.objc</string>
			<key>path</key>
			<string>LSUIParticipantPickerDataSource.m</string>
			<key>sourceTree</key>
			<string>&lt;group&gt;</string>
		</dict>
		<key>0A51BD2419B68B9C004105DC</key>
		<dict>
			<key>fileRef</key>
			<string>0A51BD2319B68B9C004105DC</string>
			<key>isa</key>
			<string>PBXBuildFile</string>
		</dict>
		<key>0A52D5FC1961FD0D0030A34A</key>
		<dict>
			<key>fileEncoding</key>
			<string>4</string>
			<key>isa</key>
			<string>PBXFileReference</string>
			<key>lastKnownFileType</key>
			<string>sourcecode.c.h</string>
			<key>path</key>
			<string>LSApplicationController.h</string>
			<key>sourceTree</key>
			<string>&lt;group&gt;</string>
		</dict>
		<key>0A52D5FD1961FD0D0030A34A</key>
		<dict>
			<key>fileEncoding</key>
			<string>4</string>
			<key>isa</key>
			<string>PBXFileReference</string>
			<key>lastKnownFileType</key>
			<string>sourcecode.c.objc</string>
			<key>path</key>
			<string>LSApplicationController.m</string>
			<key>sourceTree</key>
			<string>&lt;group&gt;</string>
		</dict>
		<key>0A605F2F19BF735D00D773AF</key>
		<dict>
			<key>isa</key>
			<string>PBXFileReference</string>
			<key>lastKnownFileType</key>
			<string>image.png</string>
			<key>path</key>
			<string>logo-icon@2x.png</string>
			<key>sourceTree</key>
			<string>&lt;group&gt;</string>
		</dict>
		<key>0A605F3019BF735D00D773AF</key>
		<dict>
			<key>isa</key>
			<string>PBXFileReference</string>
			<key>lastKnownFileType</key>
			<string>image.png</string>
			<key>path</key>
			<string>logo-icon.png</string>
			<key>sourceTree</key>
			<string>&lt;group&gt;</string>
		</dict>
		<key>0A605F3119BF735D00D773AF</key>
		<dict>
			<key>fileRef</key>
			<string>0A605F2F19BF735D00D773AF</string>
			<key>isa</key>
			<string>PBXBuildFile</string>
		</dict>
		<key>0A605F3219BF735D00D773AF</key>
		<dict>
			<key>fileRef</key>
			<string>0A605F3019BF735D00D773AF</string>
			<key>isa</key>
			<string>PBXBuildFile</string>
		</dict>
		<key>0A605F3319BF744600D773AF</key>
		<dict>
			<key>isa</key>
			<string>PBXFileReference</string>
			<key>lastKnownFileType</key>
			<string>image.png</string>
			<key>path</key>
			<string>logo-icon-blue@2x.png</string>
			<key>sourceTree</key>
			<string>&lt;group&gt;</string>
		</dict>
		<key>0A605F3419BF744600D773AF</key>
		<dict>
			<key>isa</key>
			<string>PBXFileReference</string>
			<key>lastKnownFileType</key>
			<string>image.png</string>
			<key>path</key>
			<string>logo-icon-blue.png</string>
			<key>sourceTree</key>
			<string>&lt;group&gt;</string>
		</dict>
		<key>0A605F3519BF744600D773AF</key>
		<dict>
			<key>fileRef</key>
			<string>0A605F3319BF744600D773AF</string>
			<key>isa</key>
			<string>PBXBuildFile</string>
		</dict>
		<key>0A605F3619BF744600D773AF</key>
		<dict>
			<key>fileRef</key>
			<string>0A605F3419BF744600D773AF</string>
			<key>isa</key>
			<string>PBXBuildFile</string>
		</dict>
		<key>0A6B47C119B3966D00D485D1</key>
		<dict>
			<key>fileEncoding</key>
			<string>4</string>
			<key>isa</key>
			<string>PBXFileReference</string>
			<key>lastKnownFileType</key>
			<string>sourcecode.c.h</string>
			<key>path</key>
			<string>LSHTTPResponseSerializer.h</string>
			<key>sourceTree</key>
			<string>&lt;group&gt;</string>
		</dict>
		<key>0A6B47C219B3966D00D485D1</key>
		<dict>
			<key>fileEncoding</key>
			<string>4</string>
			<key>isa</key>
			<string>PBXFileReference</string>
			<key>lastKnownFileType</key>
			<string>sourcecode.c.objc</string>
			<key>path</key>
			<string>LSHTTPResponseSerializer.m</string>
			<key>sourceTree</key>
			<string>&lt;group&gt;</string>
		</dict>
		<key>0A6B47C319B3966D00D485D1</key>
		<dict>
			<key>fileRef</key>
			<string>0A6B47C219B3966D00D485D1</string>
			<key>isa</key>
			<string>PBXBuildFile</string>
		</dict>
		<key>0A6B47C419B3967A00D485D1</key>
		<dict>
			<key>fileEncoding</key>
			<string>4</string>
			<key>isa</key>
			<string>PBXFileReference</string>
			<key>lastKnownFileType</key>
			<string>sourcecode.c.h</string>
			<key>path</key>
			<string>LSPersistenceManager.h</string>
			<key>sourceTree</key>
			<string>&lt;group&gt;</string>
		</dict>
		<key>0A6B47C519B3967A00D485D1</key>
		<dict>
			<key>fileEncoding</key>
			<string>4</string>
			<key>isa</key>
			<string>PBXFileReference</string>
			<key>lastKnownFileType</key>
			<string>sourcecode.c.objc</string>
			<key>path</key>
			<string>LSPersistenceManager.m</string>
			<key>sourceTree</key>
			<string>&lt;group&gt;</string>
		</dict>
		<key>0A6B47C619B3967A00D485D1</key>
		<dict>
			<key>fileRef</key>
			<string>0A6B47C519B3967A00D485D1</string>
			<key>isa</key>
			<string>PBXBuildFile</string>
		</dict>
		<key>0A6B47C719B3968200D485D1</key>
		<dict>
			<key>fileEncoding</key>
			<string>4</string>
			<key>isa</key>
			<string>PBXFileReference</string>
			<key>lastKnownFileType</key>
			<string>sourcecode.c.h</string>
			<key>name</key>
			<string>LSSession.h</string>
			<key>path</key>
			<string>../Controllers/LSSession.h</string>
			<key>sourceTree</key>
			<string>&lt;group&gt;</string>
		</dict>
		<key>0A6B47C819B3968200D485D1</key>
		<dict>
			<key>fileEncoding</key>
			<string>4</string>
			<key>isa</key>
			<string>PBXFileReference</string>
			<key>lastKnownFileType</key>
			<string>sourcecode.c.objc</string>
			<key>name</key>
			<string>LSSession.m</string>
			<key>path</key>
			<string>../Controllers/LSSession.m</string>
			<key>sourceTree</key>
			<string>&lt;group&gt;</string>
		</dict>
		<key>0A6B47C919B3968200D485D1</key>
		<dict>
			<key>fileRef</key>
			<string>0A6B47C819B3968200D485D1</string>
			<key>isa</key>
			<string>PBXBuildFile</string>
		</dict>
		<key>0A6B47CA19B3975A00D485D1</key>
		<dict>
			<key>fileRef</key>
			<string>0AE1A14D19B0DA8700BFB754</string>
			<key>isa</key>
			<string>PBXBuildFile</string>
		</dict>
		<key>0A7023BE19BE4C84004FF43E</key>
		<dict>
			<key>isa</key>
			<string>PBXFileReference</string>
			<key>lastKnownFileType</key>
			<string>image.png</string>
			<key>path</key>
			<string>selection-indicator.png</string>
			<key>sourceTree</key>
			<string>&lt;group&gt;</string>
		</dict>
		<key>0A7023BF19BE4C84004FF43E</key>
		<dict>
			<key>isa</key>
			<string>PBXFileReference</string>
			<key>lastKnownFileType</key>
			<string>image.png</string>
			<key>path</key>
			<string>unselected-indicator.png</string>
			<key>sourceTree</key>
			<string>&lt;group&gt;</string>
		</dict>
		<key>0A7023C019BE4C84004FF43E</key>
		<dict>
			<key>isa</key>
			<string>PBXFileReference</string>
			<key>lastKnownFileType</key>
			<string>image.png</string>
			<key>path</key>
			<string>selection-indicator@2x.png</string>
			<key>sourceTree</key>
			<string>&lt;group&gt;</string>
		</dict>
		<key>0A7023C119BE4C84004FF43E</key>
		<dict>
			<key>isa</key>
			<string>PBXFileReference</string>
			<key>lastKnownFileType</key>
			<string>image.png</string>
			<key>path</key>
			<string>unselected-indicator@2x.png</string>
			<key>sourceTree</key>
			<string>&lt;group&gt;</string>
		</dict>
		<key>0A7023C219BE4C84004FF43E</key>
		<dict>
			<key>fileRef</key>
			<string>0A7023BE19BE4C84004FF43E</string>
			<key>isa</key>
			<string>PBXBuildFile</string>
		</dict>
		<key>0A7023C319BE4C84004FF43E</key>
		<dict>
			<key>fileRef</key>
			<string>0A7023BF19BE4C84004FF43E</string>
			<key>isa</key>
			<string>PBXBuildFile</string>
		</dict>
		<key>0A7023C419BE4C84004FF43E</key>
		<dict>
			<key>fileRef</key>
			<string>0A7023C019BE4C84004FF43E</string>
			<key>isa</key>
			<string>PBXBuildFile</string>
		</dict>
		<key>0A7023C519BE4C84004FF43E</key>
		<dict>
			<key>fileRef</key>
			<string>0A7023C119BE4C84004FF43E</string>
			<key>isa</key>
			<string>PBXBuildFile</string>
		</dict>
		<key>0A916B8619B77CDC00479CBD</key>
		<dict>
			<key>fileEncoding</key>
			<string>4</string>
			<key>isa</key>
			<string>PBXFileReference</string>
			<key>lastKnownFileType</key>
			<string>sourcecode.c.h</string>
			<key>path</key>
			<string>LYRUITestInterface.h</string>
			<key>sourceTree</key>
			<string>&lt;group&gt;</string>
		</dict>
		<key>0A916B8719B77CDC00479CBD</key>
		<dict>
			<key>fileEncoding</key>
			<string>4</string>
			<key>isa</key>
			<string>PBXFileReference</string>
			<key>lastKnownFileType</key>
			<string>sourcecode.c.objc</string>
			<key>path</key>
			<string>LYRUITestInterface.m</string>
			<key>sourceTree</key>
			<string>&lt;group&gt;</string>
		</dict>
		<key>0AA09B341970BCEF007CD475</key>
		<dict>
			<key>fileEncoding</key>
			<string>4</string>
			<key>isa</key>
			<string>PBXFileReference</string>
			<key>lastKnownFileType</key>
			<string>sourcecode.c.h</string>
			<key>path</key>
			<string>LSNotificationObserver.h</string>
			<key>sourceTree</key>
			<string>&lt;group&gt;</string>
		</dict>
		<key>0AA09B351970BCEF007CD475</key>
		<dict>
			<key>fileEncoding</key>
			<string>4</string>
			<key>isa</key>
			<string>PBXFileReference</string>
			<key>lastKnownFileType</key>
			<string>sourcecode.c.objc</string>
			<key>path</key>
			<string>LSNotificationObserver.m</string>
			<key>sourceTree</key>
			<string>&lt;group&gt;</string>
		</dict>
		<key>0AADB5C31947C85A0083732B</key>
		<dict>
			<key>isa</key>
			<string>PBXFileReference</string>
			<key>lastKnownFileType</key>
			<string>wrapper.framework</string>
			<key>name</key>
			<string>AudioToolbox.framework</string>
			<key>path</key>
			<string>System/Library/Frameworks/AudioToolbox.framework</string>
			<key>sourceTree</key>
			<string>SDKROOT</string>
		</dict>
		<key>0AADB5C41947C85A0083732B</key>
		<dict>
			<key>fileRef</key>
			<string>0AADB5C31947C85A0083732B</string>
			<key>isa</key>
			<string>PBXBuildFile</string>
		</dict>
		<key>0AADB5C51947C8600083732B</key>
		<dict>
			<key>isa</key>
			<string>PBXFileReference</string>
			<key>lastKnownFileType</key>
			<string>wrapper.framework</string>
			<key>name</key>
			<string>CFNetwork.framework</string>
			<key>path</key>
			<string>System/Library/Frameworks/CFNetwork.framework</string>
			<key>sourceTree</key>
			<string>SDKROOT</string>
		</dict>
		<key>0AADB5C61947C8600083732B</key>
		<dict>
			<key>fileRef</key>
			<string>0AADB5C51947C8600083732B</string>
			<key>isa</key>
			<string>PBXBuildFile</string>
		</dict>
		<key>0AADB5C71947C86B0083732B</key>
		<dict>
			<key>isa</key>
			<string>PBXFileReference</string>
			<key>lastKnownFileType</key>
			<string>wrapper.framework</string>
			<key>name</key>
			<string>CoreLocation.framework</string>
			<key>path</key>
			<string>System/Library/Frameworks/CoreLocation.framework</string>
			<key>sourceTree</key>
			<string>SDKROOT</string>
		</dict>
		<key>0AADB5C81947C86B0083732B</key>
		<dict>
			<key>fileRef</key>
			<string>0AADB5C71947C86B0083732B</string>
			<key>isa</key>
			<string>PBXBuildFile</string>
		</dict>
		<key>0AADB5C91947C8710083732B</key>
		<dict>
			<key>isa</key>
			<string>PBXFileReference</string>
			<key>lastKnownFileType</key>
			<string>compiled.mach-o.dylib</string>
			<key>name</key>
			<string>libz.dylib</string>
			<key>path</key>
			<string>usr/lib/libz.dylib</string>
			<key>sourceTree</key>
			<string>SDKROOT</string>
		</dict>
		<key>0AADB5CA1947C8710083732B</key>
		<dict>
			<key>fileRef</key>
			<string>0AADB5C91947C8710083732B</string>
			<key>isa</key>
			<string>PBXBuildFile</string>
		</dict>
		<key>0AADB5CB1947C8770083732B</key>
		<dict>
			<key>isa</key>
			<string>PBXFileReference</string>
			<key>lastKnownFileType</key>
			<string>wrapper.framework</string>
			<key>name</key>
			<string>MobileCoreServices.framework</string>
			<key>path</key>
			<string>System/Library/Frameworks/MobileCoreServices.framework</string>
			<key>sourceTree</key>
			<string>SDKROOT</string>
		</dict>
		<key>0AADB5CC1947C8770083732B</key>
		<dict>
			<key>fileRef</key>
			<string>0AADB5CB1947C8770083732B</string>
			<key>isa</key>
			<string>PBXBuildFile</string>
		</dict>
		<key>0AADB5CD1947C87B0083732B</key>
		<dict>
			<key>isa</key>
			<string>PBXFileReference</string>
			<key>lastKnownFileType</key>
			<string>wrapper.framework</string>
			<key>name</key>
			<string>QuartzCore.framework</string>
			<key>path</key>
			<string>System/Library/Frameworks/QuartzCore.framework</string>
			<key>sourceTree</key>
			<string>SDKROOT</string>
		</dict>
		<key>0AADB5CE1947C87C0083732B</key>
		<dict>
			<key>fileRef</key>
			<string>0AADB5CD1947C87B0083732B</string>
			<key>isa</key>
			<string>PBXBuildFile</string>
		</dict>
		<key>0AADB5CF1947C8800083732B</key>
		<dict>
			<key>isa</key>
			<string>PBXFileReference</string>
			<key>lastKnownFileType</key>
			<string>wrapper.framework</string>
			<key>name</key>
			<string>Security.framework</string>
			<key>path</key>
			<string>System/Library/Frameworks/Security.framework</string>
			<key>sourceTree</key>
			<string>SDKROOT</string>
		</dict>
		<key>0AADB5D01947C8800083732B</key>
		<dict>
			<key>fileRef</key>
			<string>0AADB5CF1947C8800083732B</string>
			<key>isa</key>
			<string>PBXBuildFile</string>
		</dict>
		<key>0AADB5D31947C88B0083732B</key>
		<dict>
			<key>isa</key>
			<string>PBXFileReference</string>
			<key>lastKnownFileType</key>
			<string>wrapper.framework</string>
			<key>name</key>
			<string>SystemConfiguration.framework</string>
			<key>path</key>
			<string>System/Library/Frameworks/SystemConfiguration.framework</string>
			<key>sourceTree</key>
			<string>SDKROOT</string>
		</dict>
		<key>0AADB5D41947C88B0083732B</key>
		<dict>
			<key>fileRef</key>
			<string>0AADB5D31947C88B0083732B</string>
			<key>isa</key>
			<string>PBXBuildFile</string>
		</dict>
		<key>0AB05018196E249E0029BC1B</key>
		<dict>
			<key>buildActionMask</key>
			<string>2147483647</string>
			<key>files</key>
			<array/>
			<key>inputPaths</key>
			<array/>
			<key>isa</key>
			<string>PBXShellScriptBuildPhase</string>
			<key>outputPaths</key>
			<array/>
			<key>runOnlyForDeploymentPostprocessing</key>
			<string>0</string>
			<key>shellPath</key>
			<string>/bin/sh</string>
			<key>shellScript</key>
			<string>./Crashlytics.framework/run 0a0f48084316c34c98d99db32b6d9f9a93416892 9ae567b35b4bfc3f68296d25122038a6de4752faa8a5a2790506fbc165726882</string>
		</dict>
		<key>0AB05019196E24F00029BC1B</key>
		<dict>
			<key>isa</key>
			<string>PBXFileReference</string>
			<key>lastKnownFileType</key>
			<string>wrapper.framework</string>
			<key>path</key>
			<string>Crashlytics.framework</string>
			<key>sourceTree</key>
			<string>&lt;group&gt;</string>
		</dict>
		<key>0AB0501A196E24F00029BC1B</key>
		<dict>
			<key>fileRef</key>
			<string>0AB05019196E24F00029BC1B</string>
			<key>isa</key>
			<string>PBXBuildFile</string>
		</dict>
		<key>0AB2687E19C7B0F50041BD62</key>
		<dict>
			<key>fileEncoding</key>
			<string>4</string>
			<key>isa</key>
			<string>PBXFileReference</string>
			<key>lastKnownFileType</key>
			<string>sourcecode.c.h</string>
			<key>path</key>
			<string>LSUIConversationListViewController.h</string>
			<key>sourceTree</key>
			<string>&lt;group&gt;</string>
		</dict>
		<key>0AB2687F19C7B0F50041BD62</key>
		<dict>
			<key>fileEncoding</key>
			<string>4</string>
			<key>isa</key>
			<string>PBXFileReference</string>
			<key>lastKnownFileType</key>
			<string>sourcecode.c.objc</string>
			<key>path</key>
			<string>LSUIConversationListViewController.m</string>
			<key>sourceTree</key>
			<string>&lt;group&gt;</string>
		</dict>
		<key>0AB2688019C7B0F50041BD62</key>
		<dict>
			<key>fileRef</key>
			<string>0AB2687F19C7B0F50041BD62</string>
			<key>isa</key>
			<string>PBXBuildFile</string>
		</dict>
		<key>0ABAB0291971E45000BE514F</key>
		<dict>
			<key>fileEncoding</key>
			<string>4</string>
			<key>isa</key>
			<string>PBXFileReference</string>
			<key>lastKnownFileType</key>
			<string>sourcecode.c.h</string>
			<key>name</key>
			<string>LSMessageCellHeader.h</string>
			<key>path</key>
			<string>../Controllers/LSMessageCellHeader.h</string>
			<key>sourceTree</key>
			<string>&lt;group&gt;</string>
		</dict>
		<key>0ABAB02A1971E45000BE514F</key>
		<dict>
			<key>fileEncoding</key>
			<string>4</string>
			<key>isa</key>
			<string>PBXFileReference</string>
			<key>lastKnownFileType</key>
			<string>sourcecode.c.objc</string>
			<key>name</key>
			<string>LSMessageCellHeader.m</string>
			<key>path</key>
			<string>../Controllers/LSMessageCellHeader.m</string>
			<key>sourceTree</key>
			<string>&lt;group&gt;</string>
		</dict>
		<key>0ABEFFAE196B7686006FFFF3</key>
		<dict>
			<key>isa</key>
			<string>PBXFileReference</string>
			<key>lastKnownFileType</key>
			<string>image.png</string>
			<key>path</key>
			<string>logo@2x.png</string>
			<key>sourceTree</key>
			<string>&lt;group&gt;</string>
		</dict>
		<key>0ABEFFAF196B7686006FFFF3</key>
		<dict>
			<key>fileRef</key>
			<string>0ABEFFAE196B7686006FFFF3</string>
			<key>isa</key>
			<string>PBXBuildFile</string>
		</dict>
		<key>0AD6C4B419BD4CD6005142ED</key>
		<dict>
			<key>children</key>
			<array>
				<string>0A605F2F19BF735D00D773AF</string>
				<string>0A605F3019BF735D00D773AF</string>
				<string>0A605F3319BF744600D773AF</string>
				<string>0A605F3419BF744600D773AF</string>
				<string>0AD6C4BF19BD4CFF005142ED</string>
				<string>0AD6C4B519BD4CFA005142ED</string>
				<string>0AD6C4B719BD4CFA005142ED</string>
				<string>0AD6C4B819BD4CFA005142ED</string>
			</array>
			<key>isa</key>
			<string>PBXGroup</string>
			<key>name</key>
			<string>Icons</string>
			<key>sourceTree</key>
			<string>&lt;group&gt;</string>
		</dict>
		<key>0AD6C4B519BD4CFA005142ED</key>
		<dict>
			<key>isa</key>
			<string>PBXFileReference</string>
			<key>lastKnownFileType</key>
			<string>image.png</string>
			<key>path</key>
			<string>more@2x.png</string>
			<key>sourceTree</key>
			<string>&lt;group&gt;</string>
		</dict>
		<key>0AD6C4B719BD4CFA005142ED</key>
		<dict>
			<key>isa</key>
			<string>PBXFileReference</string>
			<key>lastKnownFileType</key>
			<string>image.png</string>
			<key>path</key>
			<string>compose@2x.png</string>
			<key>sourceTree</key>
			<string>&lt;group&gt;</string>
		</dict>
		<key>0AD6C4B819BD4CFA005142ED</key>
		<dict>
			<key>isa</key>
			<string>PBXFileReference</string>
			<key>lastKnownFileType</key>
			<string>image.png</string>
			<key>path</key>
			<string>compose.png</string>
			<key>sourceTree</key>
			<string>&lt;group&gt;</string>
		</dict>
		<key>0AD6C4BA19BD4CFA005142ED</key>
		<dict>
			<key>fileRef</key>
			<string>0AD6C4B519BD4CFA005142ED</string>
			<key>isa</key>
			<string>PBXBuildFile</string>
		</dict>
		<key>0AD6C4BC19BD4CFA005142ED</key>
		<dict>
			<key>fileRef</key>
			<string>0AD6C4B719BD4CFA005142ED</string>
			<key>isa</key>
			<string>PBXBuildFile</string>
		</dict>
		<key>0AD6C4BD19BD4CFA005142ED</key>
		<dict>
			<key>fileRef</key>
			<string>0AD6C4B819BD4CFA005142ED</string>
			<key>isa</key>
			<string>PBXBuildFile</string>
		</dict>
		<key>0AD6C4BF19BD4CFF005142ED</key>
		<dict>
			<key>isa</key>
			<string>PBXFileReference</string>
			<key>lastKnownFileType</key>
			<string>image.png</string>
			<key>path</key>
			<string>camera@2x.png</string>
			<key>sourceTree</key>
			<string>&lt;group&gt;</string>
		</dict>
		<key>0AD6C4C019BD4CFF005142ED</key>
		<dict>
			<key>fileRef</key>
			<string>0AD6C4BF19BD4CFF005142ED</string>
			<key>isa</key>
			<string>PBXBuildFile</string>
		</dict>
		<key>0AD6C4C119BD4D3C005142ED</key>
		<dict>
			<key>isa</key>
			<string>PBXFileReference</string>
			<key>lastKnownFileType</key>
			<string>image.png</string>
			<key>path</key>
			<string>background@2x.png</string>
			<key>sourceTree</key>
			<string>&lt;group&gt;</string>
		</dict>
		<key>0AD6C4C219BD4D3C005142ED</key>
		<dict>
			<key>fileRef</key>
			<string>0AD6C4C119BD4D3C005142ED</string>
			<key>isa</key>
			<string>PBXBuildFile</string>
		</dict>
		<key>0AD767701963104200582755</key>
		<dict>
			<key>fileEncoding</key>
			<string>4</string>
			<key>isa</key>
			<string>PBXFileReference</string>
			<key>lastKnownFileType</key>
			<string>sourcecode.c.h</string>
			<key>name</key>
			<string>LSUtilities.h</string>
			<key>path</key>
			<string>Controllers/LSUtilities.h</string>
			<key>sourceTree</key>
			<string>&lt;group&gt;</string>
		</dict>
		<key>0AD767711963104200582755</key>
		<dict>
			<key>fileEncoding</key>
			<string>4</string>
			<key>isa</key>
			<string>PBXFileReference</string>
			<key>lastKnownFileType</key>
			<string>sourcecode.c.objc</string>
			<key>name</key>
			<string>LSUtilities.m</string>
			<key>path</key>
			<string>Controllers/LSUtilities.m</string>
			<key>sourceTree</key>
			<string>&lt;group&gt;</string>
		</dict>
		<key>0ADD757419C8A12A00E133B5</key>
		<dict>
			<key>children</key>
			<array>
				<string>0A51BD1919B66570004105DC</string>
				<string>0A51BD2019B686F6004105DC</string>
				<string>0ADD757519C8A15800E133B5</string>
			</array>
			<key>isa</key>
			<string>PBXGroup</string>
			<key>name</key>
			<string>Component Test</string>
			<key>sourceTree</key>
			<string>&lt;group&gt;</string>
		</dict>
		<key>0ADD757519C8A15800E133B5</key>
		<dict>
			<key>fileEncoding</key>
			<string>4</string>
			<key>isa</key>
			<string>PBXFileReference</string>
			<key>lastKnownFileType</key>
			<string>sourcecode.c.objc</string>
			<key>path</key>
			<string>LYRUIConversationViewTest.m</string>
			<key>sourceTree</key>
			<string>&lt;group&gt;</string>
		</dict>
		<key>0ADD757619C8A15800E133B5</key>
		<dict>
			<key>fileRef</key>
			<string>0ADD757519C8A15800E133B5</string>
			<key>isa</key>
			<string>PBXBuildFile</string>
		</dict>
		<key>0AE1A14C19B0DA8700BFB754</key>
		<dict>
			<key>fileEncoding</key>
			<string>4</string>
			<key>isa</key>
			<string>PBXFileReference</string>
			<key>lastKnownFileType</key>
			<string>sourcecode.c.h</string>
			<key>path</key>
			<string>LSAuthenticationTableViewController.h</string>
			<key>sourceTree</key>
			<string>&lt;group&gt;</string>
		</dict>
		<key>0AE1A14D19B0DA8700BFB754</key>
		<dict>
			<key>fileEncoding</key>
			<string>4</string>
			<key>isa</key>
			<string>PBXFileReference</string>
			<key>lastKnownFileType</key>
			<string>sourcecode.c.objc</string>
			<key>path</key>
			<string>LSAuthenticationTableViewController.m</string>
			<key>sourceTree</key>
			<string>&lt;group&gt;</string>
		</dict>
		<key>0AE1A14F19B0DAE900BFB754</key>
		<dict>
			<key>fileEncoding</key>
			<string>4</string>
			<key>isa</key>
			<string>PBXFileReference</string>
			<key>lastKnownFileType</key>
			<string>sourcecode.c.h</string>
			<key>path</key>
			<string>LSAuthenticationTableViewFooter.h</string>
			<key>sourceTree</key>
			<string>&lt;group&gt;</string>
		</dict>
		<key>0AE1A15019B0DAE900BFB754</key>
		<dict>
			<key>fileEncoding</key>
			<string>4</string>
			<key>isa</key>
			<string>PBXFileReference</string>
			<key>lastKnownFileType</key>
			<string>sourcecode.c.objc</string>
			<key>path</key>
			<string>LSAuthenticationTableViewFooter.m</string>
			<key>sourceTree</key>
			<string>&lt;group&gt;</string>
		</dict>
		<key>0AE1A15119B0DAE900BFB754</key>
		<dict>
			<key>fileEncoding</key>
			<string>4</string>
			<key>isa</key>
			<string>PBXFileReference</string>
			<key>lastKnownFileType</key>
			<string>sourcecode.c.h</string>
			<key>path</key>
			<string>LSAuthenticationTableViewHeader.h</string>
			<key>sourceTree</key>
			<string>&lt;group&gt;</string>
		</dict>
		<key>0AE1A15219B0DAE900BFB754</key>
		<dict>
			<key>fileEncoding</key>
			<string>4</string>
			<key>isa</key>
			<string>PBXFileReference</string>
			<key>lastKnownFileType</key>
			<string>sourcecode.c.objc</string>
			<key>path</key>
			<string>LSAuthenticationTableViewHeader.m</string>
			<key>sourceTree</key>
			<string>&lt;group&gt;</string>
		</dict>
		<key>0AE1A15519B0DC5100BFB754</key>
		<dict>
			<key>fileEncoding</key>
			<string>4</string>
			<key>isa</key>
			<string>PBXFileReference</string>
			<key>lastKnownFileType</key>
			<string>sourcecode.c.h</string>
			<key>name</key>
			<string>LSKeychainUtilities.h</string>
			<key>path</key>
			<string>Controllers/LSKeychainUtilities.h</string>
			<key>sourceTree</key>
			<string>&lt;group&gt;</string>
		</dict>
		<key>0AE1A15619B0DC5100BFB754</key>
		<dict>
			<key>fileEncoding</key>
			<string>4</string>
			<key>isa</key>
			<string>PBXFileReference</string>
			<key>lastKnownFileType</key>
			<string>sourcecode.c.objc</string>
			<key>name</key>
			<string>LSKeychainUtilities.m</string>
			<key>path</key>
			<string>Controllers/LSKeychainUtilities.m</string>
			<key>sourceTree</key>
			<string>&lt;group&gt;</string>
		</dict>
		<key>0AE1B93A19C9E4FD00FB28A7</key>
		<dict>
			<key>children</key>
			<array>
				<string>0AE1A15519B0DC5100BFB754</string>
				<string>0AE1A15619B0DC5100BFB754</string>
				<string>0AD767701963104200582755</string>
				<string>0AD767711963104200582755</string>
			</array>
			<key>isa</key>
			<string>PBXGroup</string>
			<key>name</key>
			<string>Utilities</string>
			<key>sourceTree</key>
			<string>&lt;group&gt;</string>
		</dict>
		<key>0AF3D8DF197462A900FED313</key>
		<dict>
			<key>fileEncoding</key>
			<string>4</string>
			<key>isa</key>
			<string>PBXFileReference</string>
			<key>lastKnownFileType</key>
			<string>sourcecode.c.objc</string>
			<key>path</key>
			<string>LSMessagingTest.m</string>
			<key>sourceTree</key>
			<string>&lt;group&gt;</string>
		</dict>
		<key>0AF3D8E0197462A900FED313</key>
		<dict>
			<key>fileRef</key>
			<string>0AF3D8DF197462A900FED313</string>
			<key>isa</key>
			<string>PBXBuildFile</string>
		</dict>
		<key>0AFE3FE419B0E19C00FCA264</key>
		<dict>
			<key>fileRef</key>
			<string>259A57311950EB76000E27B0</string>
			<key>isa</key>
			<string>PBXBuildFile</string>
		</dict>
		<key>0AFE3FF419B0E1BD00FCA264</key>
		<dict>
			<key>fileRef</key>
			<string>259A57161950EB76000E27B0</string>
			<key>isa</key>
			<string>PBXBuildFile</string>
		</dict>
		<key>0AFE3FFE19B0E1BD00FCA264</key>
		<dict>
			<key>fileRef</key>
			<string>0A52D5FD1961FD0D0030A34A</string>
			<key>isa</key>
			<string>PBXBuildFile</string>
		</dict>
		<key>0AFE3FFF19B0E1BD00FCA264</key>
		<dict>
			<key>fileRef</key>
			<string>0AD767711963104200582755</string>
			<key>isa</key>
			<string>PBXBuildFile</string>
		</dict>
		<key>0AFE400019B0E1BD00FCA264</key>
		<dict>
			<key>fileRef</key>
			<string>0AA09B351970BCEF007CD475</string>
			<key>isa</key>
			<string>PBXBuildFile</string>
		</dict>
		<key>0AFE400119B0E1BD00FCA264</key>
		<dict>
			<key>fileRef</key>
			<string>0AE1A15619B0DC5100BFB754</string>
			<key>isa</key>
			<string>PBXBuildFile</string>
		</dict>
		<key>0AFE400219B0E1BD00FCA264</key>
		<dict>
			<key>fileRef</key>
			<string>259A57301950EB76000E27B0</string>
			<key>isa</key>
			<string>PBXBuildFile</string>
		</dict>
		<key>0AFE400419B0E1BD00FCA264</key>
		<dict>
			<key>fileRef</key>
			<string>259A573A1950EB76000E27B0</string>
			<key>isa</key>
			<string>PBXBuildFile</string>
		</dict>
		<key>0AFE400819B0E1BD00FCA264</key>
		<dict>
			<key>fileRef</key>
			<string>0AE1A15019B0DAE900BFB754</string>
			<key>isa</key>
			<string>PBXBuildFile</string>
		</dict>
		<key>0AFE400919B0E1BD00FCA264</key>
		<dict>
			<key>fileRef</key>
			<string>0AE1A15219B0DAE900BFB754</string>
			<key>isa</key>
			<string>PBXBuildFile</string>
		</dict>
		<key>0AFE400A19B0E1BD00FCA264</key>
		<dict>
			<key>fileRef</key>
			<string>0ABAB02A1971E45000BE514F</string>
			<key>isa</key>
			<string>PBXBuildFile</string>
		</dict>
		<key>0AFE400E19B0E1BD00FCA264</key>
		<dict>
			<key>fileRef</key>
			<string>259A57471950EB76000E27B0</string>
			<key>isa</key>
			<string>PBXBuildFile</string>
		</dict>
		<key>0AFE401319B0E1BD00FCA264</key>
		<dict>
			<key>fileRef</key>
			<string>116357E5198AD1DB00C89F77</string>
			<key>isa</key>
			<string>PBXBuildFile</string>
		</dict>
		<key>116357E4198AD1DB00C89F77</key>
		<dict>
			<key>fileEncoding</key>
			<string>4</string>
			<key>isa</key>
			<string>PBXFileReference</string>
			<key>lastKnownFileType</key>
			<string>sourcecode.c.h</string>
			<key>path</key>
			<string>LSVersionView.h</string>
			<key>sourceTree</key>
			<string>&lt;group&gt;</string>
		</dict>
		<key>116357E5198AD1DB00C89F77</key>
		<dict>
			<key>fileEncoding</key>
			<string>4</string>
			<key>isa</key>
			<string>PBXFileReference</string>
			<key>lastKnownFileType</key>
			<string>sourcecode.c.objc</string>
			<key>path</key>
			<string>LSVersionView.m</string>
			<key>sourceTree</key>
			<string>&lt;group&gt;</string>
		</dict>
		<key>21E47E1C0B3D3E661BB8AC73</key>
		<dict>
			<key>includeInIndex</key>
			<string>1</string>
			<key>isa</key>
			<string>PBXFileReference</string>
			<key>lastKnownFileType</key>
			<string>text.xcconfig</string>
			<key>name</key>
			<string>Pods-LayerSample.release.xcconfig</string>
			<key>path</key>
			<string>Pods/Target Support Files/Pods-LayerSample/Pods-LayerSample.release.xcconfig</string>
			<key>sourceTree</key>
			<string>&lt;group&gt;</string>
		</dict>
		<key>2525315F1960CE2700C87647</key>
		<dict>
			<key>fileEncoding</key>
			<string>4</string>
			<key>isa</key>
			<string>PBXFileReference</string>
			<key>lastKnownFileType</key>
			<string>sourcecode.c.objc</string>
			<key>path</key>
			<string>LSPersistenceManagerTest.m</string>
			<key>sourceTree</key>
			<string>&lt;group&gt;</string>
		</dict>
		<key>252531601960CE2700C87647</key>
		<dict>
			<key>fileRef</key>
			<string>2525315F1960CE2700C87647</string>
			<key>isa</key>
			<string>PBXBuildFile</string>
		</dict>
		<key>259A57111950EB76000E27B0</key>
		<dict>
			<key>children</key>
			<array>
				<string>0AE1B93A19C9E4FD00FB28A7</string>
				<string>259A57121950EB76000E27B0</string>
				<string>259A572E1950EB76000E27B0</string>
				<string>259A572F1950EB76000E27B0</string>
				<string>259A57301950EB76000E27B0</string>
				<string>259A57311950EB76000E27B0</string>
				<string>259A573B1950EB76000E27B0</string>
			</array>
			<key>isa</key>
			<string>PBXGroup</string>
			<key>path</key>
			<string>Code</string>
			<key>sourceTree</key>
			<string>&lt;group&gt;</string>
		</dict>
		<key>259A57121950EB76000E27B0</key>
		<dict>
			<key>children</key>
			<array>
				<string>0A6B47C419B3967A00D485D1</string>
				<string>0A6B47C519B3967A00D485D1</string>
				<string>0A6B47C119B3966D00D485D1</string>
				<string>0A6B47C219B3966D00D485D1</string>
				<string>0AA09B341970BCEF007CD475</string>
				<string>0AA09B351970BCEF007CD475</string>
				<string>0A52D5FC1961FD0D0030A34A</string>
				<string>259A57321950EB76000E27B0</string>
				<string>0A52D5FD1961FD0D0030A34A</string>
				<string>259A57151950EB76000E27B0</string>
				<string>259A57161950EB76000E27B0</string>
				<string>0AB2687E19C7B0F50041BD62</string>
				<string>0AB2687F19C7B0F50041BD62</string>
				<string>0A51BD2219B68B9C004105DC</string>
				<string>0A51BD2319B68B9C004105DC</string>
				<string>0A23C95F19C10D97004789EC</string>
				<string>0A23C96019C10D97004789EC</string>
				<string>0AE1A14C19B0DA8700BFB754</string>
				<string>0AE1A14D19B0DA8700BFB754</string>
			</array>
			<key>isa</key>
			<string>PBXGroup</string>
			<key>path</key>
			<string>Controllers</string>
			<key>sourceTree</key>
			<string>&lt;group&gt;</string>
		</dict>
		<key>259A57151950EB76000E27B0</key>
		<dict>
			<key>fileEncoding</key>
			<string>4</string>
			<key>isa</key>
			<string>PBXFileReference</string>
			<key>lastKnownFileType</key>
			<string>sourcecode.c.h</string>
			<key>path</key>
			<string>LSAPIManager.h</string>
			<key>sourceTree</key>
			<string>&lt;group&gt;</string>
		</dict>
		<key>259A57161950EB76000E27B0</key>
		<dict>
			<key>fileEncoding</key>
			<string>4</string>
			<key>isa</key>
			<string>PBXFileReference</string>
			<key>lastKnownFileType</key>
			<string>sourcecode.c.objc</string>
			<key>path</key>
			<string>LSAPIManager.m</string>
			<key>sourceTree</key>
			<string>&lt;group&gt;</string>
		</dict>
		<key>259A572E1950EB76000E27B0</key>
		<dict>
			<key>fileEncoding</key>
			<string>4</string>
			<key>isa</key>
			<string>PBXFileReference</string>
			<key>lastKnownFileType</key>
			<string>sourcecode.c.h</string>
			<key>path</key>
			<string>LayerSample-Prefix.pch</string>
			<key>sourceTree</key>
			<string>&lt;group&gt;</string>
		</dict>
		<key>259A572F1950EB76000E27B0</key>
		<dict>
			<key>fileEncoding</key>
			<string>4</string>
			<key>isa</key>
			<string>PBXFileReference</string>
			<key>lastKnownFileType</key>
			<string>sourcecode.c.h</string>
			<key>path</key>
			<string>LSAppDelegate.h</string>
			<key>sourceTree</key>
			<string>&lt;group&gt;</string>
		</dict>
		<key>259A57301950EB76000E27B0</key>
		<dict>
			<key>fileEncoding</key>
			<string>4</string>
			<key>isa</key>
			<string>PBXFileReference</string>
			<key>lastKnownFileType</key>
			<string>sourcecode.c.objc</string>
			<key>path</key>
			<string>LSAppDelegate.m</string>
			<key>sourceTree</key>
			<string>&lt;group&gt;</string>
		</dict>
		<key>259A57311950EB76000E27B0</key>
		<dict>
			<key>fileEncoding</key>
			<string>4</string>
			<key>isa</key>
			<string>PBXFileReference</string>
			<key>lastKnownFileType</key>
			<string>sourcecode.c.objc</string>
			<key>path</key>
			<string>main.m</string>
			<key>sourceTree</key>
			<string>&lt;group&gt;</string>
		</dict>
		<key>259A57321950EB76000E27B0</key>
		<dict>
			<key>children</key>
			<array>
				<string>0A6B47C719B3968200D485D1</string>
				<string>0A6B47C819B3968200D485D1</string>
				<string>259A57391950EB76000E27B0</string>
				<string>259A573A1950EB76000E27B0</string>
			</array>
			<key>isa</key>
			<string>PBXGroup</string>
			<key>name</key>
			<string>Models</string>
			<key>path</key>
			<string>../Models</string>
			<key>sourceTree</key>
			<string>&lt;group&gt;</string>
		</dict>
		<key>259A57391950EB76000E27B0</key>
		<dict>
			<key>fileEncoding</key>
			<string>4</string>
			<key>isa</key>
			<string>PBXFileReference</string>
			<key>lastKnownFileType</key>
			<string>sourcecode.c.h</string>
			<key>path</key>
			<string>LSUser.h</string>
			<key>sourceTree</key>
			<string>&lt;group&gt;</string>
		</dict>
		<key>259A573A1950EB76000E27B0</key>
		<dict>
			<key>fileEncoding</key>
			<string>4</string>
			<key>isa</key>
			<string>PBXFileReference</string>
			<key>lastKnownFileType</key>
			<string>sourcecode.c.objc</string>
			<key>path</key>
			<string>LSUser.m</string>
			<key>sourceTree</key>
			<string>&lt;group&gt;</string>
		</dict>
		<key>259A573B1950EB76000E27B0</key>
		<dict>
			<key>children</key>
			<array>
				<string>0A36117019D399F10089D210</string>
				<string>0A36117119D399F10089D210</string>
				<string>0AE1A14F19B0DAE900BFB754</string>
				<string>0AE1A15019B0DAE900BFB754</string>
				<string>0AE1A15119B0DAE900BFB754</string>
				<string>0AE1A15219B0DAE900BFB754</string>
				<string>0ABAB0291971E45000BE514F</string>
				<string>0ABAB02A1971E45000BE514F</string>
				<string>259A57461950EB76000E27B0</string>
				<string>259A57471950EB76000E27B0</string>
				<string>116357E4198AD1DB00C89F77</string>
				<string>116357E5198AD1DB00C89F77</string>
			</array>
			<key>isa</key>
			<string>PBXGroup</string>
			<key>path</key>
			<string>Views</string>
			<key>sourceTree</key>
			<string>&lt;group&gt;</string>
		</dict>
		<key>259A57461950EB76000E27B0</key>
		<dict>
			<key>fileEncoding</key>
			<string>4</string>
			<key>isa</key>
			<string>PBXFileReference</string>
			<key>lastKnownFileType</key>
			<string>sourcecode.c.h</string>
			<key>path</key>
			<string>LSInputTableViewCell.h</string>
			<key>sourceTree</key>
			<string>&lt;group&gt;</string>
		</dict>
		<key>259A57471950EB76000E27B0</key>
		<dict>
			<key>fileEncoding</key>
			<string>4</string>
			<key>isa</key>
			<string>PBXFileReference</string>
			<key>lastKnownFileType</key>
			<string>sourcecode.c.objc</string>
			<key>path</key>
			<string>LSInputTableViewCell.m</string>
			<key>sourceTree</key>
			<string>&lt;group&gt;</string>
		</dict>
		<key>259A576B1950EB83000E27B0</key>
		<dict>
			<key>children</key>
			<array>
				<string>0AD6C4B419BD4CD6005142ED</string>
				<string>0A27A9441997FE110070BD4F</string>
				<string>0A7023BE19BE4C84004FF43E</string>
				<string>0A7023BF19BE4C84004FF43E</string>
				<string>0A7023C019BE4C84004FF43E</string>
				<string>0A7023C119BE4C84004FF43E</string>
				<string>0AD6C4C119BD4D3C005142ED</string>
				<string>0A27A9421997FD210070BD4F</string>
				<string>0ABEFFAE196B7686006FFFF3</string>
				<string>259A576E1950EB83000E27B0</string>
				<string>259A57701950EB83000E27B0</string>
				<string>259A57721950EB83000E27B0</string>
			</array>
			<key>isa</key>
			<string>PBXGroup</string>
			<key>path</key>
			<string>Resources</string>
			<key>sourceTree</key>
			<string>&lt;group&gt;</string>
		</dict>
		<key>259A576E1950EB83000E27B0</key>
		<dict>
			<key>children</key>
			<array>
				<string>259A576F1950EB83000E27B0</string>
			</array>
			<key>isa</key>
			<string>PBXVariantGroup</string>
			<key>name</key>
			<string>InfoPlist.strings</string>
			<key>sourceTree</key>
			<string>&lt;group&gt;</string>
		</dict>
		<key>259A576F1950EB83000E27B0</key>
		<dict>
			<key>isa</key>
			<string>PBXFileReference</string>
			<key>lastKnownFileType</key>
			<string>text.plist.strings</string>
			<key>name</key>
			<string>en</string>
			<key>path</key>
			<string>en.lproj/InfoPlist.strings</string>
			<key>sourceTree</key>
			<string>&lt;group&gt;</string>
		</dict>
		<key>259A57701950EB83000E27B0</key>
		<dict>
			<key>isa</key>
			<string>PBXFileReference</string>
			<key>lastKnownFileType</key>
			<string>folder.assetcatalog</string>
			<key>path</key>
			<string>Images.xcassets</string>
			<key>sourceTree</key>
			<string>&lt;group&gt;</string>
		</dict>
		<key>259A57721950EB83000E27B0</key>
		<dict>
			<key>fileEncoding</key>
			<string>4</string>
			<key>isa</key>
			<string>PBXFileReference</string>
			<key>lastKnownFileType</key>
			<string>text.plist.xml</string>
			<key>path</key>
			<string>LayerSample-Info.plist</string>
			<key>sourceTree</key>
			<string>&lt;group&gt;</string>
		</dict>
		<key>259A57741950EB83000E27B0</key>
		<dict>
			<key>fileRef</key>
			<string>259A576E1950EB83000E27B0</string>
			<key>isa</key>
			<string>PBXBuildFile</string>
		</dict>
		<key>259A57751950EB83000E27B0</key>
		<dict>
			<key>fileRef</key>
			<string>259A57701950EB83000E27B0</string>
			<key>isa</key>
			<string>PBXBuildFile</string>
		</dict>
		<key>259A57781950EB92000E27B0</key>
		<dict>
			<key>children</key>
			<array>
				<string>0A0DA1C719D1F22E0044B56A</string>
				<string>0ADD757419C8A12A00E133B5</string>
				<string>259A57791950EB92000E27B0</string>
				<string>259A577A1950EB92000E27B0</string>
				<string>259A577B1950EB92000E27B0</string>
				<string>0A36AAB919B91FCD0070D25A</string>
				<string>0A36AABA19B91FCD0070D25A</string>
				<string>0A48C92A19B7F49900B536AB</string>
				<string>0A48C92B19B7F49900B536AB</string>
				<string>0A916B8619B77CDC00479CBD</string>
				<string>0A916B8719B77CDC00479CBD</string>
				<string>0A51BD1B19B66A98004105DC</string>
				<string>0A51BD1C19B66A98004105DC</string>
				<string>259A577D1950EB92000E27B0</string>
				<string>0A41DFC61961D37800E1F7FA</string>
				<string>2525315F1960CE2700C87647</string>
				<string>0AF3D8DF197462A900FED313</string>
				<string>0A51BD1E19B686BD004105DC</string>
				<string>0A48C92719B7D2D100B536AB</string>
				<string>0A48C92819B7D2D100B536AB</string>
			</array>
			<key>isa</key>
			<string>PBXGroup</string>
			<key>path</key>
			<string>Tests</string>
			<key>sourceTree</key>
			<string>&lt;group&gt;</string>
		</dict>
		<key>259A57791950EB92000E27B0</key>
		<dict>
			<key>fileEncoding</key>
			<string>4</string>
			<key>isa</key>
			<string>PBXFileReference</string>
			<key>lastKnownFileType</key>
			<string>sourcecode.c.h</string>
			<key>path</key>
			<string>KIFUITestActor+LSAdditions.h</string>
			<key>sourceTree</key>
			<string>&lt;group&gt;</string>
		</dict>
		<key>259A577A1950EB92000E27B0</key>
		<dict>
			<key>fileEncoding</key>
			<string>4</string>
			<key>isa</key>
			<string>PBXFileReference</string>
			<key>lastKnownFileType</key>
			<string>sourcecode.c.objc</string>
			<key>path</key>
			<string>KIFUITestActor+LSAdditions.m</string>
			<key>sourceTree</key>
			<string>&lt;group&gt;</string>
		</dict>
		<key>259A577B1950EB92000E27B0</key>
		<dict>
			<key>fileEncoding</key>
			<string>4</string>
			<key>isa</key>
			<string>PBXFileReference</string>
			<key>lastKnownFileType</key>
			<string>text.plist.xml</string>
			<key>path</key>
			<string>LayerSampleTests-Info.plist</string>
			<key>sourceTree</key>
			<string>&lt;group&gt;</string>
		</dict>
		<key>259A577D1950EB92000E27B0</key>
		<dict>
			<key>fileEncoding</key>
			<string>4</string>
			<key>isa</key>
			<string>PBXFileReference</string>
			<key>lastKnownFileType</key>
			<string>sourcecode.c.objc</string>
			<key>path</key>
			<string>LSSampleAppUITest.m</string>
			<key>sourceTree</key>
			<string>&lt;group&gt;</string>
		</dict>
		<key>259A577E1950EB92000E27B0</key>
		<dict>
			<key>fileRef</key>
			<string>259A577A1950EB92000E27B0</string>
			<key>isa</key>
			<string>PBXBuildFile</string>
		</dict>
		<key>259A57801950EB92000E27B0</key>
		<dict>
			<key>fileRef</key>
			<string>259A577D1950EB92000E27B0</string>
			<key>isa</key>
			<string>PBXBuildFile</string>
		</dict>
		<key>6D1B6C4F72A14767A34B248A</key>
		<dict>
			<key>buildActionMask</key>
			<string>2147483647</string>
			<key>files</key>
			<array/>
			<key>inputPaths</key>
			<array/>
			<key>isa</key>
			<string>PBXShellScriptBuildPhase</string>
			<key>name</key>
			<string>Check Pods Manifest.lock</string>
			<key>outputPaths</key>
			<array/>
			<key>runOnlyForDeploymentPostprocessing</key>
			<string>0</string>
			<key>shellPath</key>
			<string>/bin/sh</string>
			<key>shellScript</key>
			<string>diff "${PODS_ROOT}/../Podfile.lock" "${PODS_ROOT}/Manifest.lock" &gt; /dev/null
if [[ $? != 0 ]] ; then
    cat &lt;&lt; EOM
error: The sandbox is not in sync with the Podfile.lock. Run 'pod install' or update your CocoaPods installation.
EOM
    exit 1
fi
</string>
			<key>showEnvVarsInLog</key>
			<string>0</string>
		</dict>
		<key>6EB2018FA1996F2ECF7138C8</key>
		<dict>
			<key>includeInIndex</key>
			<string>1</string>
			<key>isa</key>
			<string>PBXFileReference</string>
			<key>lastKnownFileType</key>
			<string>text.xcconfig</string>
			<key>name</key>
			<string>Pods-LayerSampleTests.release.xcconfig</string>
			<key>path</key>
			<string>Pods/Target Support Files/Pods-LayerSampleTests/Pods-LayerSampleTests.release.xcconfig</string>
			<key>sourceTree</key>
			<string>&lt;group&gt;</string>
		</dict>
		<key>72EE957AF4434922BA19B10E</key>
		<dict>
			<key>buildActionMask</key>
			<string>2147483647</string>
			<key>files</key>
			<array/>
			<key>inputPaths</key>
			<array/>
			<key>isa</key>
			<string>PBXShellScriptBuildPhase</string>
			<key>name</key>
			<string>Copy Pods Resources</string>
			<key>outputPaths</key>
			<array/>
			<key>runOnlyForDeploymentPostprocessing</key>
			<string>0</string>
			<key>shellPath</key>
			<string>/bin/sh</string>
			<key>shellScript</key>
			<string>"${SRCROOT}/Pods/Target Support Files/Pods-LayerSampleTests/Pods-LayerSampleTests-resources.sh"
</string>
			<key>showEnvVarsInLog</key>
			<string>0</string>
		</dict>
		<key>931E36A3415C497CA3681E7F</key>
		<dict>
			<key>explicitFileType</key>
			<string>archive.ar</string>
			<key>includeInIndex</key>
			<string>0</string>
			<key>isa</key>
			<string>PBXFileReference</string>
			<key>path</key>
			<string>libPods.a</string>
			<key>sourceTree</key>
			<string>BUILT_PRODUCTS_DIR</string>
		</dict>
		<key>9842E4DC1E04484898FEF487</key>
		<dict>
			<key>fileRef</key>
			<string>FBBE2D1F4815451CAAD12DF4</string>
			<key>isa</key>
			<string>PBXBuildFile</string>
		</dict>
		<key>9D1B24C9EB42597C59D9B3B1</key>
		<dict>
			<key>children</key>
			<array>
				<string>F1D036B4D4B06C3CE90BF6CB</string>
				<string>21E47E1C0B3D3E661BB8AC73</string>
				<string>02E50ED7239353EF58F824E4</string>
				<string>6EB2018FA1996F2ECF7138C8</string>
			</array>
			<key>isa</key>
			<string>PBXGroup</string>
			<key>name</key>
			<string>Pods</string>
			<key>sourceTree</key>
			<string>&lt;group&gt;</string>
		</dict>
		<key>A487A0EE4CB44DA78C108935</key>
		<dict>
			<key>buildActionMask</key>
			<string>2147483647</string>
			<key>files</key>
			<array/>
			<key>inputPaths</key>
			<array/>
			<key>isa</key>
			<string>PBXShellScriptBuildPhase</string>
			<key>name</key>
			<string>Copy Pods Resources</string>
			<key>outputPaths</key>
			<array/>
			<key>runOnlyForDeploymentPostprocessing</key>
			<string>0</string>
			<key>shellPath</key>
			<string>/bin/sh</string>
			<key>shellScript</key>
			<string>"${SRCROOT}/Pods/Target Support Files/Pods-LayerSample/Pods-LayerSample-resources.sh"
</string>
			<key>showEnvVarsInLog</key>
			<string>0</string>
		</dict>
		<key>A4A9FA9226DE4FAB8C075E1F</key>
		<dict>
			<key>explicitFileType</key>
			<string>archive.ar</string>
			<key>includeInIndex</key>
			<string>0</string>
			<key>isa</key>
			<string>PBXFileReference</string>
			<key>path</key>
			<string>libPods-LayerSample.a</string>
			<key>sourceTree</key>
			<string>BUILT_PRODUCTS_DIR</string>
		</dict>
		<key>B70EF0246E334A0BA15BFF1F</key>
		<dict>
			<key>fileRef</key>
			<string>A4A9FA9226DE4FAB8C075E1F</string>
			<key>isa</key>
			<string>PBXBuildFile</string>
		</dict>
		<key>C1AF600B11EB477F8BE102D4</key>
		<dict>
			<key>buildActionMask</key>
			<string>2147483647</string>
			<key>files</key>
			<array/>
			<key>inputPaths</key>
			<array/>
			<key>isa</key>
			<string>PBXShellScriptBuildPhase</string>
			<key>name</key>
			<string>Check Pods Manifest.lock</string>
			<key>outputPaths</key>
			<array/>
			<key>runOnlyForDeploymentPostprocessing</key>
			<string>0</string>
			<key>shellPath</key>
			<string>/bin/sh</string>
			<key>shellScript</key>
			<string>diff "${PODS_ROOT}/../Podfile.lock" "${PODS_ROOT}/Manifest.lock" &gt; /dev/null
if [[ $? != 0 ]] ; then
    cat &lt;&lt; EOM
error: The sandbox is not in sync with the Podfile.lock. Run 'pod install' or update your CocoaPods installation.
EOM
    exit 1
fi
</string>
			<key>showEnvVarsInLog</key>
			<string>0</string>
		</dict>
		<key>F1D036B4D4B06C3CE90BF6CB</key>
		<dict>
			<key>includeInIndex</key>
			<string>1</string>
			<key>isa</key>
			<string>PBXFileReference</string>
			<key>lastKnownFileType</key>
			<string>text.xcconfig</string>
			<key>name</key>
			<string>Pods-LayerSample.debug.xcconfig</string>
			<key>path</key>
			<string>Pods/Target Support Files/Pods-LayerSample/Pods-LayerSample.debug.xcconfig</string>
			<key>sourceTree</key>
			<string>&lt;group&gt;</string>
		</dict>
		<key>FBBE2D1F4815451CAAD12DF4</key>
		<dict>
			<key>explicitFileType</key>
			<string>archive.ar</string>
			<key>includeInIndex</key>
			<string>0</string>
			<key>isa</key>
			<string>PBXFileReference</string>
			<key>path</key>
			<string>libPods-LayerSampleTests.a</string>
			<key>sourceTree</key>
			<string>BUILT_PRODUCTS_DIR</string>
		</dict>
	</dict>
	<key>rootObject</key>
	<string>0A0C241B19477D8F00401B74</string>
</dict>
</plist>
